
Microsoft Visual Studio Solution File, Format Version 12.00
# Visual Studio Version 16
VisualStudioVersion = 16.0.31729.503
MinimumVisualStudioVersion = 10.0.40219.1
Project("{9A19103F-16F7-4668-BE54-9A1E7A4F7556}") = "ExampleKafka", "ExampleKafka\ExampleKafka.csproj", "{A48F7CAB-6D82-44CA-9E7C-34DCB3D5306B}"
EndProject
Project("{9A19103F-16F7-4668-BE54-9A1E7A4F7556}") = "ExampleKafka2", "ExampleKafka2\ExampleKafka2.csproj", "{ED866A63-8B59-428A-B81A-77006BD48DB6}"
EndProject
Project("{FAE04EC0-301F-11D3-BF4B-00C04F79EFBC}") = "Products", "Products\Products.csproj", "{7BDD6A1F-7917-4A2E-9CB9-0BEECFDE742B}"
EndProject
Project("{FAE04EC0-301F-11D3-BF4B-00C04F79EFBC}") = "ProductsDBLayer", "ProductsDBLayer\ProductsDBLayer.csproj", "{15FF26C2-17E5-4EA0-8AA2-028420BC96E4}"
EndProject
Project("{FAE04EC0-301F-11D3-BF4B-00C04F79EFBC}") = "IProductsDB", "IProductsDB\IProductsDB.csproj", "{66BC3CF7-AFDE-4EED-9003-0ACF25A303E3}"
EndProject
Project("{FAE04EC0-301F-11D3-BF4B-00C04F79EFBC}") = "ProductsDB", "ProductsDB\ProductsDB.csproj", "{4A02FBE5-00A3-4AEE-A7D6-6A6B39F4A11D}"
EndProject
Project("{FAE04EC0-301F-11D3-BF4B-00C04F79EFBC}") = "ProductsModel", "ProductsModel\ProductsModel.csproj", "{9B0DAE48-3B7D-46C1-ADA2-5CF0A5EC93FC}"
EndProject
Global
	GlobalSection(SolutionConfigurationPlatforms) = preSolution
		Debug|Any CPU = Debug|Any CPU
		Release|Any CPU = Release|Any CPU
	EndGlobalSection
	GlobalSection(ProjectConfigurationPlatforms) = postSolution
		{A48F7CAB-6D82-44CA-9E7C-34DCB3D5306B}.Debug|Any CPU.ActiveCfg = Debug|Any CPU
		{A48F7CAB-6D82-44CA-9E7C-34DCB3D5306B}.Debug|Any CPU.Build.0 = Debug|Any CPU
		{A48F7CAB-6D82-44CA-9E7C-34DCB3D5306B}.Release|Any CPU.ActiveCfg = Release|Any CPU
		{A48F7CAB-6D82-44CA-9E7C-34DCB3D5306B}.Release|Any CPU.Build.0 = Release|Any CPU
		{ED866A63-8B59-428A-B81A-77006BD48DB6}.Debug|Any CPU.ActiveCfg = Debug|Any CPU
		{ED866A63-8B59-428A-B81A-77006BD48DB6}.Debug|Any CPU.Build.0 = Debug|Any CPU
		{ED866A63-8B59-428A-B81A-77006BD48DB6}.Release|Any CPU.ActiveCfg = Release|Any CPU
		{ED866A63-8B59-428A-B81A-77006BD48DB6}.Release|Any CPU.Build.0 = Release|Any CPU
		{7BDD6A1F-7917-4A2E-9CB9-0BEECFDE742B}.Debug|Any CPU.ActiveCfg = Debug|Any CPU
		{7BDD6A1F-7917-4A2E-9CB9-0BEECFDE742B}.Debug|Any CPU.Build.0 = Debug|Any CPU
		{7BDD6A1F-7917-4A2E-9CB9-0BEECFDE742B}.Release|Any CPU.ActiveCfg = Release|Any CPU
		{7BDD6A1F-7917-4A2E-9CB9-0BEECFDE742B}.Release|Any CPU.Build.0 = Release|Any CPU
		{15FF26C2-17E5-4EA0-8AA2-028420BC96E4}.Debug|Any CPU.ActiveCfg = Debug|Any CPU
		{15FF26C2-17E5-4EA0-8AA2-028420BC96E4}.Debug|Any CPU.Build.0 = Debug|Any CPU
		{15FF26C2-17E5-4EA0-8AA2-028420BC96E4}.Release|Any CPU.ActiveCfg = Release|Any CPU
		{15FF26C2-17E5-4EA0-8AA2-028420BC96E4}.Release|Any CPU.Build.0 = Release|Any CPU
		{66BC3CF7-AFDE-4EED-9003-0ACF25A303E3}.Debug|Any CPU.ActiveCfg = Debug|Any CPU
		{66BC3CF7-AFDE-4EED-9003-0ACF25A303E3}.Debug|Any CPU.Build.0 = Debug|Any CPU
		{66BC3CF7-AFDE-4EED-9003-0ACF25A303E3}.Release|Any CPU.ActiveCfg = Release|Any CPU
		{66BC3CF7-AFDE-4EED-9003-0ACF25A303E3}.Release|Any CPU.Build.0 = Release|Any CPU
		{4A02FBE5-00A3-4AEE-A7D6-6A6B39F4A11D}.Debug|Any CPU.ActiveCfg = Debug|Any CPU
		{4A02FBE5-00A3-4AEE-A7D6-6A6B39F4A11D}.Debug|Any CPU.Build.0 = Debug|Any CPU
		{4A02FBE5-00A3-4AEE-A7D6-6A6B39F4A11D}.Release|Any CPU.ActiveCfg = Release|Any CPU
		{4A02FBE5-00A3-4AEE-A7D6-6A6B39F4A11D}.Release|Any CPU.Build.0 = Release|Any CPU
		{9B0DAE48-3B7D-46C1-ADA2-5CF0A5EC93FC}.Debug|Any CPU.ActiveCfg = Debug|Any CPU
		{9B0DAE48-3B7D-46C1-ADA2-5CF0A5EC93FC}.Debug|Any CPU.Build.0 = Debug|Any CPU
		{9B0DAE48-3B7D-46C1-ADA2-5CF0A5EC93FC}.Release|Any CPU.ActiveCfg = Release|Any CPU
		{9B0DAE48-3B7D-46C1-ADA2-5CF0A5EC93FC}.Release|Any CPU.Build.0 = Release|Any CPU
	EndGlobalSection
	GlobalSection(SolutionProperties) = preSolution
		HideSolutionNode = FALSE
	EndGlobalSection
	GlobalSection(ExtensibilityGlobals) = postSolution
		SolutionGuid = {4A4A0648-A1C4-4B8F-85EE-790C38275E6F}
	EndGlobalSection
EndGlobal
