
Microsoft Visual Studio Solution File, Format Version 12.00
# Visual Studio Version 16
VisualStudioVersion = 16.0.31729.503
MinimumVisualStudioVersion = 10.0.40219.1
Project("{9A19103F-16F7-4668-BE54-9A1E7A4F7556}") = "Products", "Products\Products.csproj", "{7BDD6A1F-7917-4A2E-9CB9-0BEECFDE742B}"
EndProject
Project("{9A19103F-16F7-4668-BE54-9A1E7A4F7556}") = "ProductsDBLayer", "ProductsDBLayer\ProductsDBLayer.csproj", "{15FF26C2-17E5-4EA0-8AA2-028420BC96E4}"
EndProject
Project("{9A19103F-16F7-4668-BE54-9A1E7A4F7556}") = "ProductsModel", "ProductsModel\ProductsModel.csproj", "{9B0DAE48-3B7D-46C1-ADA2-5CF0A5EC93FC}"
EndProject
Project("{9A19103F-16F7-4668-BE54-9A1E7A4F7556}") = "IProductsRepository", "IProductsRepository\IProductsRepository.csproj", "{637EDF87-E2B1-4F32-BDAC-59A32220F945}"
EndProject
Project("{9A19103F-16F7-4668-BE54-9A1E7A4F7556}") = "ProductsRepository", "ProductsRepository\ProductsRepository.csproj", "{EEA25C56-E15A-4F56-9280-072AEFFE833E}"
EndProject
Project("{9A19103F-16F7-4668-BE54-9A1E7A4F7556}") = "Authentication", "Authentication\Authentication.csproj", "{5BCA533D-91BF-4706-848D-6DF88420BCCD}"
EndProject
Project("{9A19103F-16F7-4668-BE54-9A1E7A4F7556}") = "Authorization", "Authorization\Authorization.csproj", "{A97E505F-14BF-4212-B3A7-8267CC7C13E2}"
EndProject
Project("{9A19103F-16F7-4668-BE54-9A1E7A4F7556}") = "AuthenticationIdentityDB", "AuthenticationIdentityDB\AuthenticationIdentityDB.csproj", "{38918248-08F4-46C8-9831-01CFB7BCFA67}"
EndProject
Project("{9A19103F-16F7-4668-BE54-9A1E7A4F7556}") = "AuthenticationIdentityModel", "AuthenticationIdentityModel\AuthenticationIdentityModel.csproj", "{5040FFE9-7B52-4B75-9388-43167D7D8077}"
EndProject
Project("{9A19103F-16F7-4668-BE54-9A1E7A4F7556}") = "KeyManagement", "KeyManagement\KeyManagement.csproj", "{96664B36-2284-43B6-8D5A-092EB83E5236}"
EndProject
Project("{9A19103F-16F7-4668-BE54-9A1E7A4F7556}") = "AuthorizationModel", "AuthorizationModel\AuthorizationModel.csproj", "{7FA7E030-4CC6-46B9-8DCC-4631FBB9CD51}"
EndProject
Project("{9A19103F-16F7-4668-BE54-9A1E7A4F7556}") = "AuthorizationDBLayer", "AuthorizationDBLayer\AuthorizationDBLayer.csproj", "{DEE0D13A-BF63-4D03-B087-D21501CEEA08}"
EndProject
Project("{9A19103F-16F7-4668-BE54-9A1E7A4F7556}") = "IAuthorizationRepository", "IAuthorizationRepository\IAuthorizationRepository.csproj", "{47FAA36F-E2D1-4519-819C-73FCF3418D14}"
EndProject
Project("{9A19103F-16F7-4668-BE54-9A1E7A4F7556}") = "AuthorizationRepository", "AuthorizationRepository\AuthorizationRepository.csproj", "{A246262F-6134-4B41-9D8A-9A5172CAA3BC}"
EndProject
Project("{FAE04EC0-301F-11D3-BF4B-00C04F79EFBC}") = "KafkaService", "KafkaService\KafkaService.csproj", "{476B9ADB-57E6-4EDB-A997-35545DD5B24B}"
EndProject
Global
	GlobalSection(SolutionConfigurationPlatforms) = preSolution
		Debug|Any CPU = Debug|Any CPU
		Release|Any CPU = Release|Any CPU
	EndGlobalSection
	GlobalSection(ProjectConfigurationPlatforms) = postSolution
		{7BDD6A1F-7917-4A2E-9CB9-0BEECFDE742B}.Debug|Any CPU.ActiveCfg = Debug|Any CPU
		{7BDD6A1F-7917-4A2E-9CB9-0BEECFDE742B}.Debug|Any CPU.Build.0 = Debug|Any CPU
		{7BDD6A1F-7917-4A2E-9CB9-0BEECFDE742B}.Release|Any CPU.ActiveCfg = Release|Any CPU
		{7BDD6A1F-7917-4A2E-9CB9-0BEECFDE742B}.Release|Any CPU.Build.0 = Release|Any CPU
		{15FF26C2-17E5-4EA0-8AA2-028420BC96E4}.Debug|Any CPU.ActiveCfg = Debug|Any CPU
		{15FF26C2-17E5-4EA0-8AA2-028420BC96E4}.Debug|Any CPU.Build.0 = Debug|Any CPU
		{15FF26C2-17E5-4EA0-8AA2-028420BC96E4}.Release|Any CPU.ActiveCfg = Release|Any CPU
		{15FF26C2-17E5-4EA0-8AA2-028420BC96E4}.Release|Any CPU.Build.0 = Release|Any CPU
		{9B0DAE48-3B7D-46C1-ADA2-5CF0A5EC93FC}.Debug|Any CPU.ActiveCfg = Debug|Any CPU
		{9B0DAE48-3B7D-46C1-ADA2-5CF0A5EC93FC}.Debug|Any CPU.Build.0 = Debug|Any CPU
		{9B0DAE48-3B7D-46C1-ADA2-5CF0A5EC93FC}.Release|Any CPU.ActiveCfg = Release|Any CPU
		{9B0DAE48-3B7D-46C1-ADA2-5CF0A5EC93FC}.Release|Any CPU.Build.0 = Release|Any CPU
		{637EDF87-E2B1-4F32-BDAC-59A32220F945}.Debug|Any CPU.ActiveCfg = Debug|Any CPU
		{637EDF87-E2B1-4F32-BDAC-59A32220F945}.Debug|Any CPU.Build.0 = Debug|Any CPU
		{637EDF87-E2B1-4F32-BDAC-59A32220F945}.Release|Any CPU.ActiveCfg = Release|Any CPU
		{637EDF87-E2B1-4F32-BDAC-59A32220F945}.Release|Any CPU.Build.0 = Release|Any CPU
		{EEA25C56-E15A-4F56-9280-072AEFFE833E}.Debug|Any CPU.ActiveCfg = Debug|Any CPU
		{EEA25C56-E15A-4F56-9280-072AEFFE833E}.Debug|Any CPU.Build.0 = Debug|Any CPU
		{EEA25C56-E15A-4F56-9280-072AEFFE833E}.Release|Any CPU.ActiveCfg = Release|Any CPU
		{EEA25C56-E15A-4F56-9280-072AEFFE833E}.Release|Any CPU.Build.0 = Release|Any CPU
		{5BCA533D-91BF-4706-848D-6DF88420BCCD}.Debug|Any CPU.ActiveCfg = Debug|Any CPU
		{5BCA533D-91BF-4706-848D-6DF88420BCCD}.Debug|Any CPU.Build.0 = Debug|Any CPU
		{5BCA533D-91BF-4706-848D-6DF88420BCCD}.Release|Any CPU.ActiveCfg = Release|Any CPU
		{5BCA533D-91BF-4706-848D-6DF88420BCCD}.Release|Any CPU.Build.0 = Release|Any CPU
		{A97E505F-14BF-4212-B3A7-8267CC7C13E2}.Debug|Any CPU.ActiveCfg = Debug|Any CPU
		{A97E505F-14BF-4212-B3A7-8267CC7C13E2}.Debug|Any CPU.Build.0 = Debug|Any CPU
		{A97E505F-14BF-4212-B3A7-8267CC7C13E2}.Release|Any CPU.ActiveCfg = Release|Any CPU
		{A97E505F-14BF-4212-B3A7-8267CC7C13E2}.Release|Any CPU.Build.0 = Release|Any CPU
		{38918248-08F4-46C8-9831-01CFB7BCFA67}.Debug|Any CPU.ActiveCfg = Debug|Any CPU
		{38918248-08F4-46C8-9831-01CFB7BCFA67}.Debug|Any CPU.Build.0 = Debug|Any CPU
		{38918248-08F4-46C8-9831-01CFB7BCFA67}.Release|Any CPU.ActiveCfg = Release|Any CPU
		{38918248-08F4-46C8-9831-01CFB7BCFA67}.Release|Any CPU.Build.0 = Release|Any CPU
		{5040FFE9-7B52-4B75-9388-43167D7D8077}.Debug|Any CPU.ActiveCfg = Debug|Any CPU
		{5040FFE9-7B52-4B75-9388-43167D7D8077}.Debug|Any CPU.Build.0 = Debug|Any CPU
		{5040FFE9-7B52-4B75-9388-43167D7D8077}.Release|Any CPU.ActiveCfg = Release|Any CPU
		{5040FFE9-7B52-4B75-9388-43167D7D8077}.Release|Any CPU.Build.0 = Release|Any CPU
		{96664B36-2284-43B6-8D5A-092EB83E5236}.Debug|Any CPU.ActiveCfg = Debug|Any CPU
		{96664B36-2284-43B6-8D5A-092EB83E5236}.Debug|Any CPU.Build.0 = Debug|Any CPU
		{96664B36-2284-43B6-8D5A-092EB83E5236}.Release|Any CPU.ActiveCfg = Release|Any CPU
		{96664B36-2284-43B6-8D5A-092EB83E5236}.Release|Any CPU.Build.0 = Release|Any CPU
		{7FA7E030-4CC6-46B9-8DCC-4631FBB9CD51}.Debug|Any CPU.ActiveCfg = Debug|Any CPU
		{7FA7E030-4CC6-46B9-8DCC-4631FBB9CD51}.Debug|Any CPU.Build.0 = Debug|Any CPU
		{7FA7E030-4CC6-46B9-8DCC-4631FBB9CD51}.Release|Any CPU.ActiveCfg = Release|Any CPU
		{7FA7E030-4CC6-46B9-8DCC-4631FBB9CD51}.Release|Any CPU.Build.0 = Release|Any CPU
		{DEE0D13A-BF63-4D03-B087-D21501CEEA08}.Debug|Any CPU.ActiveCfg = Debug|Any CPU
		{DEE0D13A-BF63-4D03-B087-D21501CEEA08}.Debug|Any CPU.Build.0 = Debug|Any CPU
		{DEE0D13A-BF63-4D03-B087-D21501CEEA08}.Release|Any CPU.ActiveCfg = Release|Any CPU
		{DEE0D13A-BF63-4D03-B087-D21501CEEA08}.Release|Any CPU.Build.0 = Release|Any CPU
		{47FAA36F-E2D1-4519-819C-73FCF3418D14}.Debug|Any CPU.ActiveCfg = Debug|Any CPU
		{47FAA36F-E2D1-4519-819C-73FCF3418D14}.Debug|Any CPU.Build.0 = Debug|Any CPU
		{47FAA36F-E2D1-4519-819C-73FCF3418D14}.Release|Any CPU.ActiveCfg = Release|Any CPU
		{47FAA36F-E2D1-4519-819C-73FCF3418D14}.Release|Any CPU.Build.0 = Release|Any CPU
		{A246262F-6134-4B41-9D8A-9A5172CAA3BC}.Debug|Any CPU.ActiveCfg = Debug|Any CPU
		{A246262F-6134-4B41-9D8A-9A5172CAA3BC}.Debug|Any CPU.Build.0 = Debug|Any CPU
		{A246262F-6134-4B41-9D8A-9A5172CAA3BC}.Release|Any CPU.ActiveCfg = Release|Any CPU
		{A246262F-6134-4B41-9D8A-9A5172CAA3BC}.Release|Any CPU.Build.0 = Release|Any CPU
		{476B9ADB-57E6-4EDB-A997-35545DD5B24B}.Debug|Any CPU.ActiveCfg = Debug|Any CPU
		{476B9ADB-57E6-4EDB-A997-35545DD5B24B}.Debug|Any CPU.Build.0 = Debug|Any CPU
		{476B9ADB-57E6-4EDB-A997-35545DD5B24B}.Release|Any CPU.ActiveCfg = Release|Any CPU
		{476B9ADB-57E6-4EDB-A997-35545DD5B24B}.Release|Any CPU.Build.0 = Release|Any CPU
	EndGlobalSection
	GlobalSection(SolutionProperties) = preSolution
		HideSolutionNode = FALSE
	EndGlobalSection
	GlobalSection(ExtensibilityGlobals) = postSolution
		SolutionGuid = {4A4A0648-A1C4-4B8F-85EE-790C38275E6F}
	EndGlobalSection
EndGlobal
