{
  "version": 4,
  "terraform_version": "1.0.11",
  "serial": 302,
  "lineage": "8757e190-e62c-e649-9500-0960ff5480b3",
  "outputs": {
    "cluster_endpoint": {
      "value": "https://2EFF600C9C6ACA37BAA7215AC7AF4B2D.gr7.eu-central-1.eks.amazonaws.com",
      "type": "string"
    },
    "cluster_id": {
      "value": "choicesremake-eks-tNrclLto",
      "type": "string"
    },
    "cluster_name": {
      "value": "choicesremake-eks-tNrclLto",
      "type": "string"
    },
    "cluster_security_group_id": {
      "value": "sg-091d0a68fa4a850db",
      "type": "string"
    },
    "kubectl_config": {
      "value": "apiVersion: v1\r\npreferences: {}\r\nkind: Config\r\n\r\nclusters:\r\n- cluster:\r\n    server: https://2EFF600C9C6ACA37BAA7215AC7AF4B2D.gr7.eu-central-1.eks.amazonaws.com\r\n    certificate-authority-data: LS0tLS1CRUdJTiBDRVJUSUZJQ0FURS0tLS0tCk1JSUM1ekNDQWMrZ0F3SUJBZ0lCQURBTkJna3Foa2lHOXcwQkFRc0ZBREFWTVJNd0VRWURWUVFERXdwcmRXSmwKY201bGRHVnpNQjRYRFRJeU1ERXpNREE1TXpBd05Wb1hEVE15TURFeU9EQTVNekF3TlZvd0ZURVRNQkVHQTFVRQpBeE1LYTNWaVpYSnVaWFJsY3pDQ0FTSXdEUVlKS29aSWh2Y05BUUVCQlFBRGdnRVBBRENDQVFvQ2dnRUJBTjI1CmRhZlRGdjFyaWQvUXBKdTV4RzlMQ3M0dkIySkgzcHEzb1dYcTVwRFhzZE5VSXViZEg5MS9iR1BpaVpKMFZwOTIKVzRIQXZyeDE5TFVMS3NIazhjWUpCTEg2R1AvL3ZRVUVibGhIbmhRY0hlcC85SFBPVGs5Zjd2ZDlaR0lKc29BSApGUlQ1bmRYQ2dHb0dUWUR2ZVp6WHJSUFdPcHdFR3M4bmZ2Yk5hdnRHVXdSWS81ZWM1M1d3WjY5cGtRVmNiQmk1Ci9kbEl5bnI0K0VaK044RjdXUC9wRDQreTRSOERsbkJTRk5PVHp5ejZzMk5tQmZYb1RFdUpPOVBiT0hKTGlkK2UKQWNVZTdqMDVST1RqZGJ1NS9NQUVrd0Q0SDNjNm45WE9OYWpxSFhFMHNxQThzUU1DTitjNFBMbW1zb29oK3dhQQpsd01GNXkwdjVFYmI1SC9tTU4wQ0F3RUFBYU5DTUVBd0RnWURWUjBQQVFIL0JBUURBZ0trTUE4R0ExVWRFd0VCCi93UUZNQU1CQWY4d0hRWURWUjBPQkJZRUZQakFqVVM4T2JldTQ0djEwOFVJTU9kazJiMXFNQTBHQ1NxR1NJYjMKRFFFQkN3VUFBNElCQVFBRWtsaWZMeFJYZmNoKzZVRTQxVVN1bXZ0bWVqOTVCRThpSmlUVDA0dlVtZDRFVmVUWgpNNkZHU1NnNk1HNXZ6NzJzNU11UlNVUjRKT25XRXJxbEdkNkZwUnJXUVh0NWpOZVZITVRVeEFNenZCb0RrVmpMCm0wcHRvVTJ4RlpIQ00xaWJkRVpDbVdnR0szejRySThPTGg5V2xMa0o3QXV6RnNTSUdRMVczM2FtZ3o0S3RsMHoKTmU0N0xCYkE2M3NVL3hweFJDMjFiS1ZhbmZNSVdWcG4rU2lYNTVWNmt3Yll5L3NkNzdFTkpVTmZQbVdTSnBscwp0T0dUZ1NqVVFSTFBpcFV6ZVdWdXd0THFCbXJjc29mM2wrM0xPWkRZMWswaDFoaE5VazFLK0IrazVpdjBRcHE3CkYveWIzRE45RHNnUUVXalo0UDlDRFRheDNlZHMzbEVKc2pLTgotLS0tLUVORCBDRVJUSUZJQ0FURS0tLS0tCg==\r\n  name: eks_choicesremake-eks-tNrclLto\r\n\r\ncontexts:\r\n- context:\r\n    cluster: eks_choicesremake-eks-tNrclLto\r\n    user: eks_choicesremake-eks-tNrclLto\r\n  name: eks_choicesremake-eks-tNrclLto\r\n\r\ncurrent-context: eks_choicesremake-eks-tNrclLto\r\n\r\nusers:\r\n- name: eks_choicesremake-eks-tNrclLto\r\n  user:\r\n    exec:\r\n      apiVersion: client.authentication.k8s.io/v1alpha1\r\n      command: aws-iam-authenticator\r\n      args:\r\n        - \"token\"\r\n        - \"-i\"\r\n        - \"choicesremake-eks-tNrclLto\"\r\n",
      "type": "string"
    },
    "region": {
      "value": "eu-central-1",
      "type": "string"
    }
  },
  "resources": [
    {
      "mode": "data",
      "type": "aws_availability_zones",
      "name": "available",
      "provider": "provider[\"registry.terraform.io/hashicorp/aws\"]",
      "instances": [
        {
          "schema_version": 0,
          "attributes": {
            "all_availability_zones": null,
            "exclude_names": null,
            "exclude_zone_ids": null,
            "filter": null,
            "group_names": [
              "eu-central-1"
            ],
            "id": "eu-central-1",
            "names": [
              "eu-central-1a",
              "eu-central-1b",
              "eu-central-1c"
            ],
            "state": null,
            "zone_ids": [
              "euc1-az2",
              "euc1-az3",
              "euc1-az1"
            ]
          },
          "sensitive_attributes": []
        }
      ]
    },
    {
      "mode": "data",
      "type": "aws_eks_cluster",
      "name": "cluster",
      "provider": "provider[\"registry.terraform.io/hashicorp/aws\"]",
      "instances": [
        {
          "schema_version": 0,
          "attributes": {
            "arn": "arn:aws:eks:eu-central-1:170558304176:cluster/choicesremake-eks-tNrclLto",
            "certificate_authority": [
              {
                "data": "LS0tLS1CRUdJTiBDRVJUSUZJQ0FURS0tLS0tCk1JSUM1ekNDQWMrZ0F3SUJBZ0lCQURBTkJna3Foa2lHOXcwQkFRc0ZBREFWTVJNd0VRWURWUVFERXdwcmRXSmwKY201bGRHVnpNQjRYRFRJeU1ERXpNREE1TXpBd05Wb1hEVE15TURFeU9EQTVNekF3TlZvd0ZURVRNQkVHQTFVRQpBeE1LYTNWaVpYSnVaWFJsY3pDQ0FTSXdEUVlKS29aSWh2Y05BUUVCQlFBRGdnRVBBRENDQVFvQ2dnRUJBTjI1CmRhZlRGdjFyaWQvUXBKdTV4RzlMQ3M0dkIySkgzcHEzb1dYcTVwRFhzZE5VSXViZEg5MS9iR1BpaVpKMFZwOTIKVzRIQXZyeDE5TFVMS3NIazhjWUpCTEg2R1AvL3ZRVUVibGhIbmhRY0hlcC85SFBPVGs5Zjd2ZDlaR0lKc29BSApGUlQ1bmRYQ2dHb0dUWUR2ZVp6WHJSUFdPcHdFR3M4bmZ2Yk5hdnRHVXdSWS81ZWM1M1d3WjY5cGtRVmNiQmk1Ci9kbEl5bnI0K0VaK044RjdXUC9wRDQreTRSOERsbkJTRk5PVHp5ejZzMk5tQmZYb1RFdUpPOVBiT0hKTGlkK2UKQWNVZTdqMDVST1RqZGJ1NS9NQUVrd0Q0SDNjNm45WE9OYWpxSFhFMHNxQThzUU1DTitjNFBMbW1zb29oK3dhQQpsd01GNXkwdjVFYmI1SC9tTU4wQ0F3RUFBYU5DTUVBd0RnWURWUjBQQVFIL0JBUURBZ0trTUE4R0ExVWRFd0VCCi93UUZNQU1CQWY4d0hRWURWUjBPQkJZRUZQakFqVVM4T2JldTQ0djEwOFVJTU9kazJiMXFNQTBHQ1NxR1NJYjMKRFFFQkN3VUFBNElCQVFBRWtsaWZMeFJYZmNoKzZVRTQxVVN1bXZ0bWVqOTVCRThpSmlUVDA0dlVtZDRFVmVUWgpNNkZHU1NnNk1HNXZ6NzJzNU11UlNVUjRKT25XRXJxbEdkNkZwUnJXUVh0NWpOZVZITVRVeEFNenZCb0RrVmpMCm0wcHRvVTJ4RlpIQ00xaWJkRVpDbVdnR0szejRySThPTGg5V2xMa0o3QXV6RnNTSUdRMVczM2FtZ3o0S3RsMHoKTmU0N0xCYkE2M3NVL3hweFJDMjFiS1ZhbmZNSVdWcG4rU2lYNTVWNmt3Yll5L3NkNzdFTkpVTmZQbVdTSnBscwp0T0dUZ1NqVVFSTFBpcFV6ZVdWdXd0THFCbXJjc29mM2wrM0xPWkRZMWswaDFoaE5VazFLK0IrazVpdjBRcHE3CkYveWIzRE45RHNnUUVXalo0UDlDRFRheDNlZHMzbEVKc2pLTgotLS0tLUVORCBDRVJUSUZJQ0FURS0tLS0tCg=="
              }
            ],
            "created_at": "2022-01-30 09:23:42.894 +0000 UTC",
            "enabled_cluster_log_types": [],
            "endpoint": "https://2EFF600C9C6ACA37BAA7215AC7AF4B2D.gr7.eu-central-1.eks.amazonaws.com",
            "id": "choicesremake-eks-tNrclLto",
            "identity": [
              {
                "oidc": [
                  {
                    "issuer": "https://oidc.eks.eu-central-1.amazonaws.com/id/2EFF600C9C6ACA37BAA7215AC7AF4B2D"
                  }
                ]
              }
            ],
            "kubernetes_network_config": [
              {
                "service_ipv4_cidr": "172.20.0.0/16"
              }
            ],
            "name": "choicesremake-eks-tNrclLto",
            "platform_version": "eks.3",
            "role_arn": "arn:aws:iam::170558304176:role/choicesremake-eks-tNrclLto20220130092318265100000003",
            "status": "ACTIVE",
            "tags": {
              "Environment": "Production",
              "GithubOrg": "cryoelite",
              "GithubRepo": "ChoicesRemake-Backend"
            },
            "version": "1.20",
            "vpc_config": [
              {
                "cluster_security_group_id": "sg-0fdeae98439224967",
                "endpoint_private_access": false,
                "endpoint_public_access": true,
                "public_access_cidrs": [
                  "0.0.0.0/0"
                ],
                "security_group_ids": [
                  "sg-091d0a68fa4a850db"
                ],
                "subnet_ids": [
                  "subnet-015070ccdc4612d71",
                  "subnet-0c9567f163cab5388",
                  "subnet-0cd74347d86b8eb9f"
                ],
                "vpc_id": "vpc-0b7091385333e5dff"
              }
            ]
          },
          "sensitive_attributes": []
        }
      ]
    },
    {
      "mode": "data",
      "type": "aws_eks_cluster_auth",
      "name": "cluster",
      "provider": "provider[\"registry.terraform.io/hashicorp/aws\"]",
      "instances": [
        {
          "schema_version": 0,
          "attributes": {
            "id": "choicesremake-eks-tNrclLto",
            "name": "choicesremake-eks-tNrclLto",
            "token": "k8s-aws-v1.aHR0cHM6Ly9zdHMuYW1hem9uYXdzLmNvbS8_QWN0aW9uPUdldENhbGxlcklkZW50aXR5JlZlcnNpb249MjAxMS0wNi0xNSZYLUFtei1BbGdvcml0aG09QVdTNC1ITUFDLVNIQTI1NiZYLUFtei1DcmVkZW50aWFsPUFLSUFTUE5RUkY2WU5VWTNDVkVTJTJGMjAyMjAxMzAlMkZ1cy1lYXN0LTElMkZzdHMlMkZhd3M0X3JlcXVlc3QmWC1BbXotRGF0ZT0yMDIyMDEzMFQwOTMzNDdaJlgtQW16LUV4cGlyZXM9MCZYLUFtei1TaWduZWRIZWFkZXJzPWhvc3QlM0J4LWs4cy1hd3MtaWQmWC1BbXotU2lnbmF0dXJlPTBkZDk2YTU0ZDNjYjhiNmE0N2JmOWJkYjUyNzdkMzk3MTA3MGI0Y2U2ZWY0ZjJjYzdkMDBkNjIwZTE0M2YxOTM"
          },
          "sensitive_attributes": []
        }
      ]
    },
    {
      "mode": "managed",
      "type": "aws_security_group",
      "name": "all_worker_mgmt",
      "provider": "provider[\"registry.terraform.io/hashicorp/aws\"]",
      "instances": [
        {
          "schema_version": 1,
          "attributes": {
            "arn": "arn:aws:ec2:eu-central-1:170558304176:security-group/sg-05493b9bd6bb304c4",
            "description": "Managed by Terraform",
            "egress": [],
            "id": "sg-05493b9bd6bb304c4",
            "ingress": [
              {
                "cidr_blocks": [
                  "10.0.0.0/8",
                  "172.16.0.0/12",
                  "192.168.0.0/16"
                ],
                "description": "",
                "from_port": 22,
                "ipv6_cidr_blocks": [],
                "prefix_list_ids": [],
                "protocol": "tcp",
                "security_groups": [],
                "self": false,
                "to_port": 22
              }
            ],
            "name": "all_worker_management2022013009233712800000000a",
            "name_prefix": "all_worker_management",
            "owner_id": "170558304176",
            "revoke_rules_on_delete": false,
            "tags": null,
            "tags_all": {},
            "timeouts": null,
            "vpc_id": "vpc-0b7091385333e5dff"
          },
          "sensitive_attributes": [],
          "private": "eyJlMmJmYjczMC1lY2FhLTExZTYtOGY4OC0zNDM2M2JjN2M0YzAiOnsiY3JlYXRlIjo2MDAwMDAwMDAwMDAsImRlbGV0ZSI6OTAwMDAwMDAwMDAwfSwic2NoZW1hX3ZlcnNpb24iOiIxIn0=",
          "dependencies": [
            "module.vpc.aws_vpc.this",
            "random_string.suffix"
          ]
        }
      ]
    },
    {
      "mode": "managed",
      "type": "aws_security_group",
      "name": "worker_group_mgmt_one",
      "provider": "provider[\"registry.terraform.io/hashicorp/aws\"]",
      "instances": [
        {
          "schema_version": 1,
          "attributes": {
            "arn": "arn:aws:ec2:eu-central-1:170558304176:security-group/sg-07f09ae65897b7c91",
            "description": "Managed by Terraform",
            "egress": [],
            "id": "sg-07f09ae65897b7c91",
            "ingress": [
              {
                "cidr_blocks": [
                  "10.0.0.0/8"
                ],
                "description": "",
                "from_port": 22,
                "ipv6_cidr_blocks": [],
                "prefix_list_ids": [],
                "protocol": "tcp",
                "security_groups": [],
                "self": false,
                "to_port": 22
              }
            ],
            "name": "worker_group_mgmt_one2022013009233923820000000b",
            "name_prefix": "worker_group_mgmt_one",
            "owner_id": "170558304176",
            "revoke_rules_on_delete": false,
            "tags": null,
            "tags_all": {},
            "timeouts": null,
            "vpc_id": "vpc-0b7091385333e5dff"
          },
          "sensitive_attributes": [],
          "private": "eyJlMmJmYjczMC1lY2FhLTExZTYtOGY4OC0zNDM2M2JjN2M0YzAiOnsiY3JlYXRlIjo2MDAwMDAwMDAwMDAsImRlbGV0ZSI6OTAwMDAwMDAwMDAwfSwic2NoZW1hX3ZlcnNpb24iOiIxIn0=",
          "dependencies": [
            "module.vpc.aws_vpc.this",
            "random_string.suffix"
          ],
          "create_before_destroy": true
        }
      ]
    },
    {
      "mode": "managed",
      "type": "aws_security_group",
      "name": "worker_group_mgmt_two",
      "provider": "provider[\"registry.terraform.io/hashicorp/aws\"]",
      "instances": [
        {
          "schema_version": 1,
          "attributes": {
            "arn": "arn:aws:ec2:eu-central-1:170558304176:security-group/sg-0b616a4f05f7050f9",
            "description": "Managed by Terraform",
            "egress": [],
            "id": "sg-0b616a4f05f7050f9",
            "ingress": [
              {
                "cidr_blocks": [
                  "192.168.0.0/16"
                ],
                "description": "",
                "from_port": 22,
                "ipv6_cidr_blocks": [],
                "prefix_list_ids": [],
                "protocol": "tcp",
                "security_groups": [],
                "self": false,
                "to_port": 22
              }
            ],
            "name": "worker_group_mgmt_two20220130092337127500000009",
            "name_prefix": "worker_group_mgmt_two",
            "owner_id": "170558304176",
            "revoke_rules_on_delete": false,
            "tags": null,
            "tags_all": {},
            "timeouts": null,
            "vpc_id": "vpc-0b7091385333e5dff"
          },
          "sensitive_attributes": [],
          "private": "eyJlMmJmYjczMC1lY2FhLTExZTYtOGY4OC0zNDM2M2JjN2M0YzAiOnsiY3JlYXRlIjo2MDAwMDAwMDAwMDAsImRlbGV0ZSI6OTAwMDAwMDAwMDAwfSwic2NoZW1hX3ZlcnNpb24iOiIxIn0=",
          "dependencies": [
            "module.vpc.aws_vpc.this",
            "random_string.suffix"
          ],
          "create_before_destroy": true
        }
      ]
    },
    {
      "mode": "managed",
      "type": "random_string",
      "name": "suffix",
      "provider": "provider[\"registry.terraform.io/hashicorp/random\"]",
      "instances": [
        {
          "schema_version": 1,
          "attributes": {
            "id": "tNrclLto",
            "keepers": null,
            "length": 8,
            "lower": true,
            "min_lower": 0,
            "min_numeric": 0,
            "min_special": 0,
            "min_upper": 0,
            "number": true,
            "override_special": null,
            "result": "tNrclLto",
            "special": false,
            "upper": true
          },
          "sensitive_attributes": [],
          "private": "eyJzY2hlbWFfdmVyc2lvbiI6IjEifQ==",
          "create_before_destroy": true
        }
      ]
    },
    {
      "module": "module.eks",
      "mode": "data",
      "type": "aws_ami",
      "name": "eks_worker",
      "provider": "provider[\"registry.terraform.io/hashicorp/aws\"]",
      "instances": [
        {
          "index_key": 0,
          "schema_version": 0,
          "attributes": {
            "architecture": "x86_64",
            "arn": "arn:aws:ec2:eu-central-1::image/ami-09d5eeb2fd5d9ddef",
            "block_device_mappings": [
              {
                "device_name": "/dev/xvda",
                "ebs": {
                  "delete_on_termination": "true",
                  "encrypted": "false",
                  "iops": "0",
                  "snapshot_id": "snap-01e68fc72bf749426",
                  "throughput": "0",
                  "volume_size": "20",
                  "volume_type": "gp2"
                },
                "no_device": "",
                "virtual_name": ""
              }
            ],
            "creation_date": "2022-01-23T08:01:18.000Z",
            "description": "EKS Kubernetes Worker AMI with AmazonLinux2 image, (k8s: 1.20.11, docker: 20.10.7-5.amzn2, containerd: 1.4.6-7.amzn2)",
            "ena_support": true,
            "executable_users": null,
            "filter": [
              {
                "name": "name",
                "values": [
                  "amazon-eks-node-1.20-v*"
                ]
              }
            ],
            "hypervisor": "xen",
            "id": "ami-09d5eeb2fd5d9ddef",
            "image_id": "ami-09d5eeb2fd5d9ddef",
            "image_location": "amazon/amazon-eks-node-1.20-v20220123",
            "image_owner_alias": "amazon",
            "image_type": "machine",
            "kernel_id": null,
            "most_recent": true,
            "name": "amazon-eks-node-1.20-v20220123",
            "name_regex": null,
            "owner_id": "602401143452",
            "owners": [
              "amazon"
            ],
            "platform": null,
            "platform_details": "Linux/UNIX",
            "product_codes": [],
            "public": true,
            "ramdisk_id": null,
            "root_device_name": "/dev/xvda",
            "root_device_type": "ebs",
            "root_snapshot_id": "snap-01e68fc72bf749426",
            "sriov_net_support": "simple",
            "state": "available",
            "state_reason": {
              "code": "UNSET",
              "message": "UNSET"
            },
            "tags": {},
            "usage_operation": "RunInstances",
            "virtualization_type": "hvm"
          },
          "sensitive_attributes": []
        }
      ]
    },
    {
      "module": "module.eks",
      "mode": "data",
      "type": "aws_ami",
      "name": "eks_worker_windows",
      "provider": "provider[\"registry.terraform.io/hashicorp/aws\"]",
      "instances": []
    },
    {
      "module": "module.eks",
      "mode": "data",
      "type": "aws_caller_identity",
      "name": "current",
      "provider": "provider[\"registry.terraform.io/hashicorp/aws\"]",
      "instances": [
        {
          "schema_version": 0,
          "attributes": {
            "account_id": "170558304176",
            "arn": "arn:aws:iam::170558304176:user/pikku",
            "id": "170558304176",
            "user_id": "AIDASPNQRF6YIZZGU2CAJ"
          },
          "sensitive_attributes": []
        }
      ]
    },
    {
      "module": "module.eks",
      "mode": "data",
      "type": "aws_iam_instance_profile",
      "name": "custom_worker_group_iam_instance_profile",
      "provider": "provider[\"registry.terraform.io/hashicorp/aws\"]",
      "instances": []
    },
    {
      "module": "module.eks",
      "mode": "data",
      "type": "aws_iam_instance_profile",
      "name": "custom_worker_group_launch_template_iam_instance_profile",
      "provider": "provider[\"registry.terraform.io/hashicorp/aws\"]",
      "instances": []
    },
    {
      "module": "module.eks",
      "mode": "data",
      "type": "aws_iam_policy_document",
      "name": "cluster_assume_role_policy",
      "provider": "provider[\"registry.terraform.io/hashicorp/aws\"]",
      "instances": [
        {
          "schema_version": 0,
          "attributes": {
            "id": "2764486067",
            "json": "{\n  \"Version\": \"2012-10-17\",\n  \"Statement\": [\n    {\n      \"Sid\": \"EKSClusterAssumeRole\",\n      \"Effect\": \"Allow\",\n      \"Action\": \"sts:AssumeRole\",\n      \"Principal\": {\n        \"Service\": \"eks.amazonaws.com\"\n      }\n    }\n  ]\n}",
            "override_json": null,
            "override_policy_documents": null,
            "policy_id": null,
            "source_json": null,
            "source_policy_documents": null,
            "statement": [
              {
                "actions": [
                  "sts:AssumeRole"
                ],
                "condition": [],
                "effect": "Allow",
                "not_actions": [],
                "not_principals": [],
                "not_resources": [],
                "principals": [
                  {
                    "identifiers": [
                      "eks.amazonaws.com"
                    ],
                    "type": "Service"
                  }
                ],
                "resources": [],
                "sid": "EKSClusterAssumeRole"
              }
            ],
            "version": "2012-10-17"
          },
          "sensitive_attributes": []
        }
      ]
    },
    {
      "module": "module.eks",
      "mode": "data",
      "type": "aws_iam_policy_document",
      "name": "cluster_deny_log_group",
      "provider": "provider[\"registry.terraform.io/hashicorp/aws\"]",
      "instances": [
        {
          "index_key": 0,
          "schema_version": 0,
          "attributes": {
            "id": "2675893060",
            "json": "{\n  \"Version\": \"2012-10-17\",\n  \"Statement\": [\n    {\n      \"Sid\": \"\",\n      \"Effect\": \"Deny\",\n      \"Action\": \"logs:CreateLogGroup\",\n      \"Resource\": \"*\"\n    }\n  ]\n}",
            "override_json": null,
            "override_policy_documents": null,
            "policy_id": null,
            "source_json": null,
            "source_policy_documents": null,
            "statement": [
              {
                "actions": [
                  "logs:CreateLogGroup"
                ],
                "condition": [],
                "effect": "Deny",
                "not_actions": [],
                "not_principals": [],
                "not_resources": [],
                "principals": [],
                "resources": [
                  "*"
                ],
                "sid": ""
              }
            ],
            "version": "2012-10-17"
          },
          "sensitive_attributes": []
        }
      ]
    },
    {
      "module": "module.eks",
      "mode": "data",
      "type": "aws_iam_policy_document",
      "name": "cluster_elb_sl_role_creation",
      "provider": "provider[\"registry.terraform.io/hashicorp/aws\"]",
      "instances": [
        {
          "index_key": 0,
          "schema_version": 0,
          "attributes": {
            "id": "3709839417",
            "json": "{\n  \"Version\": \"2012-10-17\",\n  \"Statement\": [\n    {\n      \"Sid\": \"\",\n      \"Effect\": \"Allow\",\n      \"Action\": [\n        \"ec2:DescribeInternetGateways\",\n        \"ec2:DescribeAddresses\",\n        \"ec2:DescribeAccountAttributes\"\n      ],\n      \"Resource\": \"*\"\n    }\n  ]\n}",
            "override_json": null,
            "override_policy_documents": null,
            "policy_id": null,
            "source_json": null,
            "source_policy_documents": null,
            "statement": [
              {
                "actions": [
                  "ec2:DescribeAccountAttributes",
                  "ec2:DescribeAddresses",
                  "ec2:DescribeInternetGateways"
                ],
                "condition": [],
                "effect": "Allow",
                "not_actions": [],
                "not_principals": [],
                "not_resources": [],
                "principals": [],
                "resources": [
                  "*"
                ],
                "sid": ""
              }
            ],
            "version": "2012-10-17"
          },
          "sensitive_attributes": []
        }
      ]
    },
    {
      "module": "module.eks",
      "mode": "data",
      "type": "aws_iam_policy_document",
      "name": "workers_assume_role_policy",
      "provider": "provider[\"registry.terraform.io/hashicorp/aws\"]",
      "instances": [
        {
          "schema_version": 0,
          "attributes": {
            "id": "3778018924",
            "json": "{\n  \"Version\": \"2012-10-17\",\n  \"Statement\": [\n    {\n      \"Sid\": \"EKSWorkerAssumeRole\",\n      \"Effect\": \"Allow\",\n      \"Action\": \"sts:AssumeRole\",\n      \"Principal\": {\n        \"Service\": \"ec2.amazonaws.com\"\n      }\n    }\n  ]\n}",
            "override_json": null,
            "override_policy_documents": null,
            "policy_id": null,
            "source_json": null,
            "source_policy_documents": null,
            "statement": [
              {
                "actions": [
                  "sts:AssumeRole"
                ],
                "condition": [],
                "effect": "Allow",
                "not_actions": [],
                "not_principals": [],
                "not_resources": [],
                "principals": [
                  {
                    "identifiers": [
                      "ec2.amazonaws.com"
                    ],
                    "type": "Service"
                  }
                ],
                "resources": [],
                "sid": "EKSWorkerAssumeRole"
              }
            ],
            "version": "2012-10-17"
          },
          "sensitive_attributes": []
        }
      ]
    },
    {
      "module": "module.eks",
      "mode": "data",
      "type": "aws_iam_role",
      "name": "custom_cluster_iam_role",
      "provider": "provider[\"registry.terraform.io/hashicorp/aws\"]",
      "instances": []
    },
    {
      "module": "module.eks",
      "mode": "data",
      "type": "aws_partition",
      "name": "current",
      "provider": "provider[\"registry.terraform.io/hashicorp/aws\"]",
      "instances": [
        {
          "schema_version": 0,
          "attributes": {
            "dns_suffix": "amazonaws.com",
            "id": "aws",
            "partition": "aws",
            "reverse_dns_prefix": "com.amazonaws"
          },
          "sensitive_attributes": []
        }
      ]
    },
    {
      "module": "module.eks",
      "mode": "data",
      "type": "http",
      "name": "wait_for_cluster",
      "provider": "provider[\"registry.terraform.io/terraform-aws-modules/http\"]",
      "instances": [
        {
          "index_key": 0,
          "schema_version": 0,
          "attributes": {
            "body": "ok",
            "ca_certificate": "-----BEGIN CERTIFICATE-----\nMIIC5zCCAc+gAwIBAgIBADANBgkqhkiG9w0BAQsFADAVMRMwEQYDVQQDEwprdWJl\ncm5ldGVzMB4XDTIyMDEzMDA5MzAwNVoXDTMyMDEyODA5MzAwNVowFTETMBEGA1UE\nAxMKa3ViZXJuZXRlczCCASIwDQYJKoZIhvcNAQEBBQADggEPADCCAQoCggEBAN25\ndafTFv1rid/QpJu5xG9LCs4vB2JH3pq3oWXq5pDXsdNUIubdH91/bGPiiZJ0Vp92\nW4HAvrx19LULKsHk8cYJBLH6GP//vQUEblhHnhQcHep/9HPOTk9f7vd9ZGIJsoAH\nFRT5ndXCgGoGTYDveZzXrRPWOpwEGs8nfvbNavtGUwRY/5ec53WwZ69pkQVcbBi5\n/dlIynr4+EZ+N8F7WP/pD4+y4R8DlnBSFNOTzyz6s2NmBfXoTEuJO9PbOHJLid+e\nAcUe7j05ROTjdbu5/MAEkwD4H3c6n9XONajqHXE0sqA8sQMCN+c4PLmmsooh+waA\nlwMF5y0v5Ebb5H/mMN0CAwEAAaNCMEAwDgYDVR0PAQH/BAQDAgKkMA8GA1UdEwEB\n/wQFMAMBAf8wHQYDVR0OBBYEFPjAjUS8Obeu44v108UIMOdk2b1qMA0GCSqGSIb3\nDQEBCwUAA4IBAQAEklifLxRXfch+6UE41USumvtmej95BE8iJiTT04vUmd4EVeTZ\nM6FGSSg6MG5vz72s5MuRSUR4JOnWErqlGd6FpRrWQXt5jNeVHMTUxAMzvBoDkVjL\nm0ptoU2xFZHCM1ibdEZCmWgGK3z4rI8OLh9WlLkJ7AuzFsSIGQ1W33amgz4Ktl0z\nNe47LBbA63sU/xpxRC21bKVanfMIWVpn+SiX55V6kwbYy/sd77ENJUNfPmWSJpls\ntOGTgSjUQRLPipUzeWVuwtLqBmrcsof3l+3LOZDY1k0h1hhNUk1K+B+k5iv0Qpq7\nF/yb3DN9DsgQEWjZ4P9CDTax3eds3lEJsjKN\n-----END CERTIFICATE-----\n",
            "id": "https://2EFF600C9C6ACA37BAA7215AC7AF4B2D.gr7.eu-central-1.eks.amazonaws.com/healthz",
            "insecure": false,
            "request_headers": null,
            "response_headers": {
              "Cache-Control": "no-cache, private",
              "Content-Length": "2",
              "Content-Type": "text/plain; charset=utf-8",
              "Date": "Sun, 30 Jan 2022 09:33:40 GMT",
              "X-Content-Type-Options": "nosniff",
              "X-Kubernetes-Pf-Flowschema-Uid": "c28844ca-55c4-4e13-8f49-c3764d95d134",
              "X-Kubernetes-Pf-Prioritylevel-Uid": "b36c3cb5-3cbe-475f-9f30-eb31d651163a"
            },
            "timeout": 300,
            "url": "https://2EFF600C9C6ACA37BAA7215AC7AF4B2D.gr7.eu-central-1.eks.amazonaws.com/healthz"
          },
          "sensitive_attributes": []
        }
      ]
    },
    {
      "module": "module.eks",
      "mode": "managed",
      "type": "aws_autoscaling_group",
      "name": "workers",
      "provider": "provider[\"registry.terraform.io/hashicorp/aws\"]",
      "instances": [
        {
          "index_key": 0,
          "schema_version": 0,
          "attributes": {
            "arn": "arn:aws:autoscaling:eu-central-1:170558304176:autoScalingGroup:9e768c1c-6ad8-48e0-a025-2b2a3beb5416:autoScalingGroupName/choicesremake-eks-tNrclLto-worker-group-120220130093406349400000017",
            "availability_zones": [
              "eu-central-1a",
              "eu-central-1b",
              "eu-central-1c"
            ],
            "capacity_rebalance": false,
            "default_cooldown": 300,
            "desired_capacity": 2,
            "enabled_metrics": null,
            "force_delete": false,
            "force_delete_warm_pool": false,
            "health_check_grace_period": 300,
            "health_check_type": "EC2",
            "id": "choicesremake-eks-tNrclLto-worker-group-120220130093406349400000017",
            "initial_lifecycle_hook": [],
            "instance_refresh": [],
            "launch_configuration": "choicesremake-eks-tNrclLto-worker-group-120220130093357473700000014",
            "launch_template": [],
            "load_balancers": null,
            "max_instance_lifetime": 0,
            "max_size": 3,
            "metrics_granularity": "1Minute",
            "min_elb_capacity": null,
            "min_size": 1,
            "mixed_instances_policy": [],
            "name": "choicesremake-eks-tNrclLto-worker-group-120220130093406349400000017",
            "name_prefix": "choicesremake-eks-tNrclLto-worker-group-1",
            "placement_group": "",
            "protect_from_scale_in": false,
            "service_linked_role_arn": "arn:aws:iam::170558304176:role/aws-service-role/autoscaling.amazonaws.com/AWSServiceRoleForAutoScaling",
            "suspended_processes": [
              "AZRebalance"
            ],
            "tag": [
              {
                "key": "Environment",
                "propagate_at_launch": true,
                "value": "Production"
              },
              {
                "key": "GithubOrg",
                "propagate_at_launch": true,
                "value": "cryoelite"
              },
              {
                "key": "GithubRepo",
                "propagate_at_launch": true,
                "value": "ChoicesRemake-Backend"
              },
              {
                "key": "Name",
                "propagate_at_launch": true,
                "value": "choicesremake-eks-tNrclLto-worker-group-1-eks_asg"
              },
              {
                "key": "k8s.io/cluster/choicesremake-eks-tNrclLto",
                "propagate_at_launch": true,
                "value": "owned"
              },
              {
                "key": "kubernetes.io/cluster/choicesremake-eks-tNrclLto",
                "propagate_at_launch": true,
                "value": "owned"
              }
            ],
            "tags": null,
            "target_group_arns": null,
            "termination_policies": [],
            "timeouts": null,
            "vpc_zone_identifier": [
              "subnet-015070ccdc4612d71",
              "subnet-0c9567f163cab5388",
              "subnet-0cd74347d86b8eb9f"
            ],
            "wait_for_capacity_timeout": "10m",
            "wait_for_elb_capacity": null,
            "warm_pool": []
          },
          "sensitive_attributes": [],
          "private": "eyJlMmJmYjczMC1lY2FhLTExZTYtOGY4OC0zNDM2M2JjN2M0YzAiOnsiZGVsZXRlIjo2MDAwMDAwMDAwMDB9fQ==",
          "dependencies": [
            "aws_security_group.worker_group_mgmt_one",
            "aws_security_group.worker_group_mgmt_two",
            "data.aws_availability_zones.available",
            "module.eks.aws_cloudwatch_log_group.this",
            "module.eks.aws_eks_cluster.this",
            "module.eks.aws_iam_instance_profile.workers",
            "module.eks.aws_iam_role.cluster",
            "module.eks.aws_iam_role.workers",
            "module.eks.aws_iam_role_policy_attachment.cluster_AmazonEKSClusterPolicy",
            "module.eks.aws_iam_role_policy_attachment.cluster_AmazonEKSServicePolicy",
            "module.eks.aws_iam_role_policy_attachment.cluster_AmazonEKSVPCResourceControllerPolicy",
            "module.eks.aws_iam_role_policy_attachment.workers_AmazonEC2ContainerRegistryReadOnly",
            "module.eks.aws_iam_role_policy_attachment.workers_AmazonEKSWorkerNodePolicy",
            "module.eks.aws_iam_role_policy_attachment.workers_AmazonEKS_CNI_Policy",
            "module.eks.aws_iam_role_policy_attachment.workers_additional_policies",
            "module.eks.aws_launch_configuration.workers",
            "module.eks.aws_security_group.cluster",
            "module.eks.aws_security_group.workers",
            "module.eks.aws_security_group_rule.cluster_egress_internet",
            "module.eks.aws_security_group_rule.cluster_https_worker_ingress",
            "module.eks.aws_security_group_rule.cluster_primary_ingress_workers",
            "module.eks.aws_security_group_rule.workers_egress_internet",
            "module.eks.aws_security_group_rule.workers_ingress_cluster",
            "module.eks.aws_security_group_rule.workers_ingress_cluster_https",
            "module.eks.aws_security_group_rule.workers_ingress_cluster_kubelet",
            "module.eks.aws_security_group_rule.workers_ingress_cluster_primary",
            "module.eks.aws_security_group_rule.workers_ingress_self",
            "module.eks.data.aws_ami.eks_worker",
            "module.eks.data.aws_ami.eks_worker_windows",
            "module.eks.data.aws_iam_instance_profile.custom_worker_group_iam_instance_profile",
            "module.eks.data.aws_iam_policy_document.cluster_assume_role_policy",
            "module.eks.data.aws_iam_policy_document.workers_assume_role_policy",
            "module.eks.data.aws_iam_role.custom_cluster_iam_role",
            "module.eks.data.aws_partition.current",
            "module.vpc.aws_subnet.private",
            "module.vpc.aws_vpc.this",
            "module.vpc.aws_vpc_ipv4_cidr_block_association.this",
            "random_string.suffix"
          ],
          "create_before_destroy": true
        },
        {
          "index_key": 1,
          "schema_version": 0,
          "attributes": {
            "arn": "arn:aws:autoscaling:eu-central-1:170558304176:autoScalingGroup:8b4b6642-a215-40c2-b263-6574d87edf6e:autoScalingGroupName/choicesremake-eks-tNrclLto-worker-group-220220130093406348900000016",
            "availability_zones": [
              "eu-central-1a",
              "eu-central-1b",
              "eu-central-1c"
            ],
            "capacity_rebalance": false,
            "default_cooldown": 300,
            "desired_capacity": 1,
            "enabled_metrics": null,
            "force_delete": false,
            "force_delete_warm_pool": false,
            "health_check_grace_period": 300,
            "health_check_type": "EC2",
            "id": "choicesremake-eks-tNrclLto-worker-group-220220130093406348900000016",
            "initial_lifecycle_hook": [],
            "instance_refresh": [],
            "launch_configuration": "choicesremake-eks-tNrclLto-worker-group-220220130093357473700000015",
            "launch_template": [],
            "load_balancers": null,
            "max_instance_lifetime": 0,
            "max_size": 3,
            "metrics_granularity": "1Minute",
            "min_elb_capacity": null,
            "min_size": 1,
            "mixed_instances_policy": [],
            "name": "choicesremake-eks-tNrclLto-worker-group-220220130093406348900000016",
            "name_prefix": "choicesremake-eks-tNrclLto-worker-group-2",
            "placement_group": "",
            "protect_from_scale_in": false,
            "service_linked_role_arn": "arn:aws:iam::170558304176:role/aws-service-role/autoscaling.amazonaws.com/AWSServiceRoleForAutoScaling",
            "suspended_processes": [
              "AZRebalance"
            ],
            "tag": [
              {
                "key": "Environment",
                "propagate_at_launch": true,
                "value": "Production"
              },
              {
                "key": "GithubOrg",
                "propagate_at_launch": true,
                "value": "cryoelite"
              },
              {
                "key": "GithubRepo",
                "propagate_at_launch": true,
                "value": "ChoicesRemake-Backend"
              },
              {
                "key": "Name",
                "propagate_at_launch": true,
                "value": "choicesremake-eks-tNrclLto-worker-group-2-eks_asg"
              },
              {
                "key": "k8s.io/cluster/choicesremake-eks-tNrclLto",
                "propagate_at_launch": true,
                "value": "owned"
              },
              {
                "key": "kubernetes.io/cluster/choicesremake-eks-tNrclLto",
                "propagate_at_launch": true,
                "value": "owned"
              }
            ],
            "tags": null,
            "target_group_arns": null,
            "termination_policies": [],
            "timeouts": null,
            "vpc_zone_identifier": [
              "subnet-015070ccdc4612d71",
              "subnet-0c9567f163cab5388",
              "subnet-0cd74347d86b8eb9f"
            ],
            "wait_for_capacity_timeout": "10m",
            "wait_for_elb_capacity": null,
            "warm_pool": []
          },
          "sensitive_attributes": [],
          "private": "eyJlMmJmYjczMC1lY2FhLTExZTYtOGY4OC0zNDM2M2JjN2M0YzAiOnsiZGVsZXRlIjo2MDAwMDAwMDAwMDB9fQ==",
          "dependencies": [
            "aws_security_group.worker_group_mgmt_one",
            "aws_security_group.worker_group_mgmt_two",
            "data.aws_availability_zones.available",
            "module.eks.aws_cloudwatch_log_group.this",
            "module.eks.aws_eks_cluster.this",
            "module.eks.aws_iam_instance_profile.workers",
            "module.eks.aws_iam_role.cluster",
            "module.eks.aws_iam_role.workers",
            "module.eks.aws_iam_role_policy_attachment.cluster_AmazonEKSClusterPolicy",
            "module.eks.aws_iam_role_policy_attachment.cluster_AmazonEKSServicePolicy",
            "module.eks.aws_iam_role_policy_attachment.cluster_AmazonEKSVPCResourceControllerPolicy",
            "module.eks.aws_iam_role_policy_attachment.workers_AmazonEC2ContainerRegistryReadOnly",
            "module.eks.aws_iam_role_policy_attachment.workers_AmazonEKSWorkerNodePolicy",
            "module.eks.aws_iam_role_policy_attachment.workers_AmazonEKS_CNI_Policy",
            "module.eks.aws_iam_role_policy_attachment.workers_additional_policies",
            "module.eks.aws_launch_configuration.workers",
            "module.eks.aws_security_group.cluster",
            "module.eks.aws_security_group.workers",
            "module.eks.aws_security_group_rule.cluster_egress_internet",
            "module.eks.aws_security_group_rule.cluster_https_worker_ingress",
            "module.eks.aws_security_group_rule.cluster_primary_ingress_workers",
            "module.eks.aws_security_group_rule.workers_egress_internet",
            "module.eks.aws_security_group_rule.workers_ingress_cluster",
            "module.eks.aws_security_group_rule.workers_ingress_cluster_https",
            "module.eks.aws_security_group_rule.workers_ingress_cluster_kubelet",
            "module.eks.aws_security_group_rule.workers_ingress_cluster_primary",
            "module.eks.aws_security_group_rule.workers_ingress_self",
            "module.eks.data.aws_ami.eks_worker",
            "module.eks.data.aws_ami.eks_worker_windows",
            "module.eks.data.aws_iam_instance_profile.custom_worker_group_iam_instance_profile",
            "module.eks.data.aws_iam_policy_document.cluster_assume_role_policy",
            "module.eks.data.aws_iam_policy_document.workers_assume_role_policy",
            "module.eks.data.aws_iam_role.custom_cluster_iam_role",
            "module.eks.data.aws_partition.current",
            "module.vpc.aws_subnet.private",
            "module.vpc.aws_vpc.this",
            "module.vpc.aws_vpc_ipv4_cidr_block_association.this",
            "random_string.suffix"
          ],
          "create_before_destroy": true
        }
      ]
    },
    {
      "module": "module.eks",
      "mode": "managed",
      "type": "aws_cloudwatch_log_group",
      "name": "this",
      "provider": "provider[\"registry.terraform.io/hashicorp/aws\"]",
      "instances": []
    },
    {
      "module": "module.eks",
      "mode": "managed",
      "type": "aws_eks_cluster",
      "name": "this",
      "provider": "provider[\"registry.terraform.io/hashicorp/aws\"]",
      "instances": [
        {
          "index_key": 0,
          "schema_version": 0,
          "attributes": {
            "arn": "arn:aws:eks:eu-central-1:170558304176:cluster/choicesremake-eks-tNrclLto",
            "certificate_authority": [
              {
                "data": "LS0tLS1CRUdJTiBDRVJUSUZJQ0FURS0tLS0tCk1JSUM1ekNDQWMrZ0F3SUJBZ0lCQURBTkJna3Foa2lHOXcwQkFRc0ZBREFWTVJNd0VRWURWUVFERXdwcmRXSmwKY201bGRHVnpNQjRYRFRJeU1ERXpNREE1TXpBd05Wb1hEVE15TURFeU9EQTVNekF3TlZvd0ZURVRNQkVHQTFVRQpBeE1LYTNWaVpYSnVaWFJsY3pDQ0FTSXdEUVlKS29aSWh2Y05BUUVCQlFBRGdnRVBBRENDQVFvQ2dnRUJBTjI1CmRhZlRGdjFyaWQvUXBKdTV4RzlMQ3M0dkIySkgzcHEzb1dYcTVwRFhzZE5VSXViZEg5MS9iR1BpaVpKMFZwOTIKVzRIQXZyeDE5TFVMS3NIazhjWUpCTEg2R1AvL3ZRVUVibGhIbmhRY0hlcC85SFBPVGs5Zjd2ZDlaR0lKc29BSApGUlQ1bmRYQ2dHb0dUWUR2ZVp6WHJSUFdPcHdFR3M4bmZ2Yk5hdnRHVXdSWS81ZWM1M1d3WjY5cGtRVmNiQmk1Ci9kbEl5bnI0K0VaK044RjdXUC9wRDQreTRSOERsbkJTRk5PVHp5ejZzMk5tQmZYb1RFdUpPOVBiT0hKTGlkK2UKQWNVZTdqMDVST1RqZGJ1NS9NQUVrd0Q0SDNjNm45WE9OYWpxSFhFMHNxQThzUU1DTitjNFBMbW1zb29oK3dhQQpsd01GNXkwdjVFYmI1SC9tTU4wQ0F3RUFBYU5DTUVBd0RnWURWUjBQQVFIL0JBUURBZ0trTUE4R0ExVWRFd0VCCi93UUZNQU1CQWY4d0hRWURWUjBPQkJZRUZQakFqVVM4T2JldTQ0djEwOFVJTU9kazJiMXFNQTBHQ1NxR1NJYjMKRFFFQkN3VUFBNElCQVFBRWtsaWZMeFJYZmNoKzZVRTQxVVN1bXZ0bWVqOTVCRThpSmlUVDA0dlVtZDRFVmVUWgpNNkZHU1NnNk1HNXZ6NzJzNU11UlNVUjRKT25XRXJxbEdkNkZwUnJXUVh0NWpOZVZITVRVeEFNenZCb0RrVmpMCm0wcHRvVTJ4RlpIQ00xaWJkRVpDbVdnR0szejRySThPTGg5V2xMa0o3QXV6RnNTSUdRMVczM2FtZ3o0S3RsMHoKTmU0N0xCYkE2M3NVL3hweFJDMjFiS1ZhbmZNSVdWcG4rU2lYNTVWNmt3Yll5L3NkNzdFTkpVTmZQbVdTSnBscwp0T0dUZ1NqVVFSTFBpcFV6ZVdWdXd0THFCbXJjc29mM2wrM0xPWkRZMWswaDFoaE5VazFLK0IrazVpdjBRcHE3CkYveWIzRE45RHNnUUVXalo0UDlDRFRheDNlZHMzbEVKc2pLTgotLS0tLUVORCBDRVJUSUZJQ0FURS0tLS0tCg=="
              }
            ],
            "created_at": "2022-01-30 09:23:42.894 +0000 UTC",
            "enabled_cluster_log_types": null,
            "encryption_config": [],
            "endpoint": "https://2EFF600C9C6ACA37BAA7215AC7AF4B2D.gr7.eu-central-1.eks.amazonaws.com",
            "id": "choicesremake-eks-tNrclLto",
            "identity": [
              {
                "oidc": [
                  {
                    "issuer": "https://oidc.eks.eu-central-1.amazonaws.com/id/2EFF600C9C6ACA37BAA7215AC7AF4B2D"
                  }
                ]
              }
            ],
            "kubernetes_network_config": [
              {
                "service_ipv4_cidr": "172.20.0.0/16"
              }
            ],
            "name": "choicesremake-eks-tNrclLto",
            "platform_version": "eks.3",
            "role_arn": "arn:aws:iam::170558304176:role/choicesremake-eks-tNrclLto20220130092318265100000003",
            "status": "ACTIVE",
            "tags": {
              "Environment": "Production",
              "GithubOrg": "cryoelite",
              "GithubRepo": "ChoicesRemake-Backend"
            },
            "tags_all": {
              "Environment": "Production",
              "GithubOrg": "cryoelite",
              "GithubRepo": "ChoicesRemake-Backend"
            },
            "timeouts": {
              "create": "30m",
              "delete": "15m",
              "update": "60m"
            },
            "version": "1.20",
            "vpc_config": [
              {
                "cluster_security_group_id": "sg-0fdeae98439224967",
                "endpoint_private_access": false,
                "endpoint_public_access": true,
                "public_access_cidrs": [
                  "0.0.0.0/0"
                ],
                "security_group_ids": [
                  "sg-091d0a68fa4a850db"
                ],
                "subnet_ids": [
                  "subnet-015070ccdc4612d71",
                  "subnet-0c9567f163cab5388",
                  "subnet-0cd74347d86b8eb9f"
                ],
                "vpc_id": "vpc-0b7091385333e5dff"
              }
            ]
          },
          "sensitive_attributes": [],
          "private": "eyJlMmJmYjczMC1lY2FhLTExZTYtOGY4OC0zNDM2M2JjN2M0YzAiOnsiY3JlYXRlIjoxODAwMDAwMDAwMDAwLCJkZWxldGUiOjkwMDAwMDAwMDAwMCwidXBkYXRlIjozNjAwMDAwMDAwMDAwfX0=",
          "dependencies": [
            "data.aws_availability_zones.available",
            "module.eks.aws_cloudwatch_log_group.this",
            "module.eks.aws_iam_role.cluster",
            "module.eks.aws_iam_role_policy_attachment.cluster_AmazonEKSClusterPolicy",
            "module.eks.aws_iam_role_policy_attachment.cluster_AmazonEKSServicePolicy",
            "module.eks.aws_iam_role_policy_attachment.cluster_AmazonEKSVPCResourceControllerPolicy",
            "module.eks.aws_security_group.cluster",
            "module.eks.aws_security_group.workers",
            "module.eks.aws_security_group_rule.cluster_egress_internet",
            "module.eks.aws_security_group_rule.cluster_https_worker_ingress",
            "module.eks.data.aws_iam_policy_document.cluster_assume_role_policy",
            "module.eks.data.aws_iam_role.custom_cluster_iam_role",
            "module.eks.data.aws_partition.current",
            "module.vpc.aws_subnet.private",
            "module.vpc.aws_vpc.this",
            "module.vpc.aws_vpc_ipv4_cidr_block_association.this",
            "random_string.suffix"
          ],
          "create_before_destroy": true
        }
      ]
    },
    {
      "module": "module.eks",
      "mode": "managed",
      "type": "aws_iam_instance_profile",
      "name": "workers",
      "provider": "provider[\"registry.terraform.io/hashicorp/aws\"]",
      "instances": [
        {
          "index_key": 0,
          "schema_version": 0,
          "attributes": {
            "arn": "arn:aws:iam::170558304176:instance-profile/choicesremake-eks-tNrclLto20220130093352348700000010",
            "create_date": "2022-01-30T09:33:46Z",
            "id": "choicesremake-eks-tNrclLto20220130093352348700000010",
            "name": "choicesremake-eks-tNrclLto20220130093352348700000010",
            "name_prefix": "choicesremake-eks-tNrclLto",
            "path": "/",
            "role": "choicesremake-eks-tNrclLto2022013009334672970000000e",
            "tags": {
              "Environment": "Production",
              "GithubOrg": "cryoelite",
              "GithubRepo": "ChoicesRemake-Backend"
            },
            "tags_all": {
              "Environment": "Production",
              "GithubOrg": "cryoelite",
              "GithubRepo": "ChoicesRemake-Backend"
            },
            "unique_id": "AIPASPNQRF6YPEZM33X53"
          },
          "sensitive_attributes": [],
          "private": "bnVsbA==",
          "dependencies": [
            "aws_security_group.worker_group_mgmt_one",
            "aws_security_group.worker_group_mgmt_two",
            "data.aws_availability_zones.available",
            "module.eks.aws_cloudwatch_log_group.this",
            "module.eks.aws_eks_cluster.this",
            "module.eks.aws_iam_role.cluster",
            "module.eks.aws_iam_role.workers",
            "module.eks.aws_iam_role_policy_attachment.cluster_AmazonEKSClusterPolicy",
            "module.eks.aws_iam_role_policy_attachment.cluster_AmazonEKSServicePolicy",
            "module.eks.aws_iam_role_policy_attachment.cluster_AmazonEKSVPCResourceControllerPolicy",
            "module.eks.aws_security_group.cluster",
            "module.eks.aws_security_group.workers",
            "module.eks.aws_security_group_rule.cluster_egress_internet",
            "module.eks.aws_security_group_rule.cluster_https_worker_ingress",
            "module.eks.data.aws_iam_policy_document.cluster_assume_role_policy",
            "module.eks.data.aws_iam_policy_document.workers_assume_role_policy",
            "module.eks.data.aws_iam_role.custom_cluster_iam_role",
            "module.eks.data.aws_partition.current",
            "module.vpc.aws_subnet.private",
            "module.vpc.aws_vpc.this",
            "module.vpc.aws_vpc_ipv4_cidr_block_association.this",
            "random_string.suffix"
          ],
          "create_before_destroy": true
        },
        {
          "index_key": 1,
          "schema_version": 0,
          "attributes": {
            "arn": "arn:aws:iam::170558304176:instance-profile/choicesremake-eks-tNrclLto2022013009335234870000000f",
            "create_date": "2022-01-30T09:33:46Z",
            "id": "choicesremake-eks-tNrclLto2022013009335234870000000f",
            "name": "choicesremake-eks-tNrclLto2022013009335234870000000f",
            "name_prefix": "choicesremake-eks-tNrclLto",
            "path": "/",
            "role": "choicesremake-eks-tNrclLto2022013009334672970000000e",
            "tags": {
              "Environment": "Production",
              "GithubOrg": "cryoelite",
              "GithubRepo": "ChoicesRemake-Backend"
            },
            "tags_all": {
              "Environment": "Production",
              "GithubOrg": "cryoelite",
              "GithubRepo": "ChoicesRemake-Backend"
            },
            "unique_id": "AIPASPNQRF6YFG5PS6GSD"
          },
          "sensitive_attributes": [],
          "private": "bnVsbA==",
          "dependencies": [
            "aws_security_group.worker_group_mgmt_one",
            "aws_security_group.worker_group_mgmt_two",
            "data.aws_availability_zones.available",
            "module.eks.aws_cloudwatch_log_group.this",
            "module.eks.aws_eks_cluster.this",
            "module.eks.aws_iam_role.cluster",
            "module.eks.aws_iam_role.workers",
            "module.eks.aws_iam_role_policy_attachment.cluster_AmazonEKSClusterPolicy",
            "module.eks.aws_iam_role_policy_attachment.cluster_AmazonEKSServicePolicy",
            "module.eks.aws_iam_role_policy_attachment.cluster_AmazonEKSVPCResourceControllerPolicy",
            "module.eks.aws_security_group.cluster",
            "module.eks.aws_security_group.workers",
            "module.eks.aws_security_group_rule.cluster_egress_internet",
            "module.eks.aws_security_group_rule.cluster_https_worker_ingress",
            "module.eks.data.aws_iam_policy_document.cluster_assume_role_policy",
            "module.eks.data.aws_iam_policy_document.workers_assume_role_policy",
            "module.eks.data.aws_iam_role.custom_cluster_iam_role",
            "module.eks.data.aws_partition.current",
            "module.vpc.aws_subnet.private",
            "module.vpc.aws_vpc.this",
            "module.vpc.aws_vpc_ipv4_cidr_block_association.this",
            "random_string.suffix"
          ],
          "create_before_destroy": true
        }
      ]
    },
    {
      "module": "module.eks",
      "mode": "managed",
      "type": "aws_iam_instance_profile",
      "name": "workers_launch_template",
      "provider": "provider[\"registry.terraform.io/hashicorp/aws\"]",
      "instances": []
    },
    {
      "module": "module.eks",
      "mode": "managed",
      "type": "aws_iam_policy",
      "name": "cluster_deny_log_group",
      "provider": "provider[\"registry.terraform.io/hashicorp/aws\"]",
      "instances": [
        {
          "index_key": 0,
          "schema_version": 0,
          "attributes": {
            "arn": "arn:aws:iam::170558304176:policy/choicesremake-eks-tNrclLto-deny-log-group20220130092318265100000002",
            "description": "Deny CreateLogGroup",
            "id": "arn:aws:iam::170558304176:policy/choicesremake-eks-tNrclLto-deny-log-group20220130092318265100000002",
            "name": "choicesremake-eks-tNrclLto-deny-log-group20220130092318265100000002",
            "name_prefix": "choicesremake-eks-tNrclLto-deny-log-group",
            "path": "/",
            "policy": "{\"Statement\":[{\"Action\":\"logs:CreateLogGroup\",\"Effect\":\"Deny\",\"Resource\":\"*\",\"Sid\":\"\"}],\"Version\":\"2012-10-17\"}",
            "policy_id": "ANPASPNQRF6YDEJGE4YNF",
            "tags": {
              "Environment": "Production",
              "GithubOrg": "cryoelite",
              "GithubRepo": "ChoicesRemake-Backend"
            },
            "tags_all": {
              "Environment": "Production",
              "GithubOrg": "cryoelite",
              "GithubRepo": "ChoicesRemake-Backend"
            }
          },
          "sensitive_attributes": [],
          "private": "bnVsbA==",
          "dependencies": [
            "module.eks.data.aws_iam_policy_document.cluster_deny_log_group",
            "random_string.suffix"
          ]
        }
      ]
    },
    {
      "module": "module.eks",
      "mode": "managed",
      "type": "aws_iam_policy",
      "name": "cluster_elb_sl_role_creation",
      "provider": "provider[\"registry.terraform.io/hashicorp/aws\"]",
      "instances": [
        {
          "index_key": 0,
          "schema_version": 0,
          "attributes": {
            "arn": "arn:aws:iam::170558304176:policy/choicesremake-eks-tNrclLto-elb-sl-role-creation20220130092318265100000001",
            "description": "Permissions for EKS to create AWSServiceRoleForElasticLoadBalancing service-linked role",
            "id": "arn:aws:iam::170558304176:policy/choicesremake-eks-tNrclLto-elb-sl-role-creation20220130092318265100000001",
            "name": "choicesremake-eks-tNrclLto-elb-sl-role-creation20220130092318265100000001",
            "name_prefix": "choicesremake-eks-tNrclLto-elb-sl-role-creation",
            "path": "/",
            "policy": "{\"Statement\":[{\"Action\":[\"ec2:DescribeInternetGateways\",\"ec2:DescribeAddresses\",\"ec2:DescribeAccountAttributes\"],\"Effect\":\"Allow\",\"Resource\":\"*\",\"Sid\":\"\"}],\"Version\":\"2012-10-17\"}",
            "policy_id": "ANPASPNQRF6YJADVVHSKV",
            "tags": {
              "Environment": "Production",
              "GithubOrg": "cryoelite",
              "GithubRepo": "ChoicesRemake-Backend"
            },
            "tags_all": {
              "Environment": "Production",
              "GithubOrg": "cryoelite",
              "GithubRepo": "ChoicesRemake-Backend"
            }
          },
          "sensitive_attributes": [],
          "private": "bnVsbA==",
          "dependencies": [
            "module.eks.data.aws_iam_policy_document.cluster_elb_sl_role_creation",
            "random_string.suffix"
          ]
        }
      ]
    },
    {
      "module": "module.eks",
      "mode": "managed",
      "type": "aws_iam_role",
      "name": "cluster",
      "provider": "provider[\"registry.terraform.io/hashicorp/aws\"]",
      "instances": [
        {
          "index_key": 0,
          "schema_version": 0,
          "attributes": {
            "arn": "arn:aws:iam::170558304176:role/choicesremake-eks-tNrclLto20220130092318265100000003",
            "assume_role_policy": "{\"Version\":\"2012-10-17\",\"Statement\":[{\"Sid\":\"EKSClusterAssumeRole\",\"Effect\":\"Allow\",\"Principal\":{\"Service\":\"eks.amazonaws.com\"},\"Action\":\"sts:AssumeRole\"}]}",
            "create_date": "2022-01-30T09:23:12Z",
            "description": "",
            "force_detach_policies": true,
            "id": "choicesremake-eks-tNrclLto20220130092318265100000003",
            "inline_policy": [
              {
                "name": "",
                "policy": ""
              }
            ],
            "managed_policy_arns": [],
            "max_session_duration": 3600,
            "name": "choicesremake-eks-tNrclLto20220130092318265100000003",
            "name_prefix": "choicesremake-eks-tNrclLto",
            "path": "/",
            "permissions_boundary": null,
            "tags": {
              "Environment": "Production",
              "GithubOrg": "cryoelite",
              "GithubRepo": "ChoicesRemake-Backend"
            },
            "tags_all": {
              "Environment": "Production",
              "GithubOrg": "cryoelite",
              "GithubRepo": "ChoicesRemake-Backend"
            },
            "unique_id": "AROASPNQRF6YGFKPLXQZV"
          },
          "sensitive_attributes": [],
          "private": "bnVsbA==",
          "dependencies": [
            "module.eks.data.aws_iam_policy_document.cluster_assume_role_policy",
            "random_string.suffix"
          ],
          "create_before_destroy": true
        }
      ]
    },
    {
      "module": "module.eks",
      "mode": "managed",
      "type": "aws_iam_role",
      "name": "workers",
      "provider": "provider[\"registry.terraform.io/hashicorp/aws\"]",
      "instances": [
        {
          "index_key": 0,
          "schema_version": 0,
          "attributes": {
            "arn": "arn:aws:iam::170558304176:role/choicesremake-eks-tNrclLto2022013009334672970000000e",
            "assume_role_policy": "{\"Version\":\"2012-10-17\",\"Statement\":[{\"Sid\":\"EKSWorkerAssumeRole\",\"Effect\":\"Allow\",\"Principal\":{\"Service\":\"ec2.amazonaws.com\"},\"Action\":\"sts:AssumeRole\"}]}",
            "create_date": "2022-01-30T09:33:40Z",
            "description": "",
            "force_detach_policies": true,
            "id": "choicesremake-eks-tNrclLto2022013009334672970000000e",
            "inline_policy": [
              {
                "name": "",
                "policy": ""
              }
            ],
            "managed_policy_arns": [],
            "max_session_duration": 3600,
            "name": "choicesremake-eks-tNrclLto2022013009334672970000000e",
            "name_prefix": "choicesremake-eks-tNrclLto",
            "path": "/",
            "permissions_boundary": null,
            "tags": {
              "Environment": "Production",
              "GithubOrg": "cryoelite",
              "GithubRepo": "ChoicesRemake-Backend"
            },
            "tags_all": {
              "Environment": "Production",
              "GithubOrg": "cryoelite",
              "GithubRepo": "ChoicesRemake-Backend"
            },
            "unique_id": "AROASPNQRF6YJ2UG4HUUI"
          },
          "sensitive_attributes": [],
          "private": "bnVsbA==",
          "dependencies": [
            "data.aws_availability_zones.available",
            "module.eks.aws_cloudwatch_log_group.this",
            "module.eks.aws_eks_cluster.this",
            "module.eks.aws_iam_role.cluster",
            "module.eks.aws_iam_role_policy_attachment.cluster_AmazonEKSClusterPolicy",
            "module.eks.aws_iam_role_policy_attachment.cluster_AmazonEKSServicePolicy",
            "module.eks.aws_iam_role_policy_attachment.cluster_AmazonEKSVPCResourceControllerPolicy",
            "module.eks.aws_security_group.cluster",
            "module.eks.aws_security_group.workers",
            "module.eks.aws_security_group_rule.cluster_egress_internet",
            "module.eks.aws_security_group_rule.cluster_https_worker_ingress",
            "module.eks.data.aws_iam_policy_document.cluster_assume_role_policy",
            "module.eks.data.aws_iam_policy_document.workers_assume_role_policy",
            "module.eks.data.aws_iam_role.custom_cluster_iam_role",
            "module.eks.data.aws_partition.current",
            "module.vpc.aws_subnet.private",
            "module.vpc.aws_vpc.this",
            "module.vpc.aws_vpc_ipv4_cidr_block_association.this",
            "random_string.suffix"
          ],
          "create_before_destroy": true
        }
      ]
    },
    {
      "module": "module.eks",
      "mode": "managed",
      "type": "aws_iam_role_policy_attachment",
      "name": "cluster_AmazonEKSClusterPolicy",
      "provider": "provider[\"registry.terraform.io/hashicorp/aws\"]",
      "instances": [
        {
          "index_key": 0,
          "schema_version": 0,
          "attributes": {
            "id": "choicesremake-eks-tNrclLto20220130092318265100000003-20220130092325228900000004",
            "policy_arn": "arn:aws:iam::aws:policy/AmazonEKSClusterPolicy",
            "role": "choicesremake-eks-tNrclLto20220130092318265100000003"
          },
          "sensitive_attributes": [],
          "private": "bnVsbA==",
          "dependencies": [
            "module.eks.aws_iam_role.cluster",
            "module.eks.data.aws_iam_policy_document.cluster_assume_role_policy",
            "module.eks.data.aws_partition.current",
            "random_string.suffix"
          ],
          "create_before_destroy": true
        }
      ]
    },
    {
      "module": "module.eks",
      "mode": "managed",
      "type": "aws_iam_role_policy_attachment",
      "name": "cluster_AmazonEKSServicePolicy",
      "provider": "provider[\"registry.terraform.io/hashicorp/aws\"]",
      "instances": [
        {
          "index_key": 0,
          "schema_version": 0,
          "attributes": {
            "id": "choicesremake-eks-tNrclLto20220130092318265100000003-20220130092325252800000005",
            "policy_arn": "arn:aws:iam::aws:policy/AmazonEKSServicePolicy",
            "role": "choicesremake-eks-tNrclLto20220130092318265100000003"
          },
          "sensitive_attributes": [],
          "private": "bnVsbA==",
          "dependencies": [
            "module.eks.aws_iam_role.cluster",
            "module.eks.data.aws_iam_policy_document.cluster_assume_role_policy",
            "module.eks.data.aws_partition.current",
            "random_string.suffix"
          ],
          "create_before_destroy": true
        }
      ]
    },
    {
      "module": "module.eks",
      "mode": "managed",
      "type": "aws_iam_role_policy_attachment",
      "name": "cluster_AmazonEKSVPCResourceControllerPolicy",
      "provider": "provider[\"registry.terraform.io/hashicorp/aws\"]",
      "instances": [
        {
          "index_key": 0,
          "schema_version": 0,
          "attributes": {
            "id": "choicesremake-eks-tNrclLto20220130092318265100000003-20220130092325287000000007",
            "policy_arn": "arn:aws:iam::aws:policy/AmazonEKSVPCResourceController",
            "role": "choicesremake-eks-tNrclLto20220130092318265100000003"
          },
          "sensitive_attributes": [],
          "private": "bnVsbA==",
          "dependencies": [
            "module.eks.aws_iam_role.cluster",
            "module.eks.data.aws_iam_policy_document.cluster_assume_role_policy",
            "module.eks.data.aws_partition.current",
            "random_string.suffix"
          ],
          "create_before_destroy": true
        }
      ]
    },
    {
      "module": "module.eks",
      "mode": "managed",
      "type": "aws_iam_role_policy_attachment",
      "name": "cluster_deny_log_group",
      "provider": "provider[\"registry.terraform.io/hashicorp/aws\"]",
      "instances": [
        {
          "index_key": 0,
          "schema_version": 0,
          "attributes": {
            "id": "choicesremake-eks-tNrclLto20220130092318265100000003-20220130092325329300000008",
            "policy_arn": "arn:aws:iam::170558304176:policy/choicesremake-eks-tNrclLto-deny-log-group20220130092318265100000002",
            "role": "choicesremake-eks-tNrclLto20220130092318265100000003"
          },
          "sensitive_attributes": [],
          "private": "bnVsbA==",
          "dependencies": [
            "module.eks.aws_iam_policy.cluster_deny_log_group",
            "module.eks.aws_iam_role.cluster",
            "module.eks.data.aws_iam_policy_document.cluster_assume_role_policy",
            "module.eks.data.aws_iam_policy_document.cluster_deny_log_group",
            "random_string.suffix"
          ]
        }
      ]
    },
    {
      "module": "module.eks",
      "mode": "managed",
      "type": "aws_iam_role_policy_attachment",
      "name": "cluster_elb_sl_role_creation",
      "provider": "provider[\"registry.terraform.io/hashicorp/aws\"]",
      "instances": [
        {
          "index_key": 0,
          "schema_version": 0,
          "attributes": {
            "id": "choicesremake-eks-tNrclLto20220130092318265100000003-20220130092325258400000006",
            "policy_arn": "arn:aws:iam::170558304176:policy/choicesremake-eks-tNrclLto-elb-sl-role-creation20220130092318265100000001",
            "role": "choicesremake-eks-tNrclLto20220130092318265100000003"
          },
          "sensitive_attributes": [],
          "private": "bnVsbA==",
          "dependencies": [
            "module.eks.aws_iam_policy.cluster_elb_sl_role_creation",
            "module.eks.aws_iam_role.cluster",
            "module.eks.data.aws_iam_policy_document.cluster_assume_role_policy",
            "module.eks.data.aws_iam_policy_document.cluster_elb_sl_role_creation",
            "random_string.suffix"
          ]
        }
      ]
    },
    {
      "module": "module.eks",
      "mode": "managed",
      "type": "aws_iam_role_policy_attachment",
      "name": "workers_AmazonEC2ContainerRegistryReadOnly",
      "provider": "provider[\"registry.terraform.io/hashicorp/aws\"]",
      "instances": [
        {
          "index_key": 0,
          "schema_version": 0,
          "attributes": {
            "id": "choicesremake-eks-tNrclLto2022013009334672970000000e-20220130093353629900000013",
            "policy_arn": "arn:aws:iam::aws:policy/AmazonEC2ContainerRegistryReadOnly",
            "role": "choicesremake-eks-tNrclLto2022013009334672970000000e"
          },
          "sensitive_attributes": [],
          "private": "bnVsbA==",
          "dependencies": [
            "data.aws_availability_zones.available",
            "module.eks.aws_cloudwatch_log_group.this",
            "module.eks.aws_eks_cluster.this",
            "module.eks.aws_iam_role.cluster",
            "module.eks.aws_iam_role.workers",
            "module.eks.aws_iam_role_policy_attachment.cluster_AmazonEKSClusterPolicy",
            "module.eks.aws_iam_role_policy_attachment.cluster_AmazonEKSServicePolicy",
            "module.eks.aws_iam_role_policy_attachment.cluster_AmazonEKSVPCResourceControllerPolicy",
            "module.eks.aws_security_group.cluster",
            "module.eks.aws_security_group.workers",
            "module.eks.aws_security_group_rule.cluster_egress_internet",
            "module.eks.aws_security_group_rule.cluster_https_worker_ingress",
            "module.eks.data.aws_iam_policy_document.cluster_assume_role_policy",
            "module.eks.data.aws_iam_policy_document.workers_assume_role_policy",
            "module.eks.data.aws_iam_role.custom_cluster_iam_role",
            "module.eks.data.aws_partition.current",
            "module.vpc.aws_subnet.private",
            "module.vpc.aws_vpc.this",
            "module.vpc.aws_vpc_ipv4_cidr_block_association.this",
            "random_string.suffix"
          ],
          "create_before_destroy": true
        }
      ]
    },
    {
      "module": "module.eks",
      "mode": "managed",
      "type": "aws_iam_role_policy_attachment",
      "name": "workers_AmazonEKSWorkerNodePolicy",
      "provider": "provider[\"registry.terraform.io/hashicorp/aws\"]",
      "instances": [
        {
          "index_key": 0,
          "schema_version": 0,
          "attributes": {
            "id": "choicesremake-eks-tNrclLto2022013009334672970000000e-20220130093353626600000012",
            "policy_arn": "arn:aws:iam::aws:policy/AmazonEKSWorkerNodePolicy",
            "role": "choicesremake-eks-tNrclLto2022013009334672970000000e"
          },
          "sensitive_attributes": [],
          "private": "bnVsbA==",
          "dependencies": [
            "data.aws_availability_zones.available",
            "module.eks.aws_cloudwatch_log_group.this",
            "module.eks.aws_eks_cluster.this",
            "module.eks.aws_iam_role.cluster",
            "module.eks.aws_iam_role.workers",
            "module.eks.aws_iam_role_policy_attachment.cluster_AmazonEKSClusterPolicy",
            "module.eks.aws_iam_role_policy_attachment.cluster_AmazonEKSServicePolicy",
            "module.eks.aws_iam_role_policy_attachment.cluster_AmazonEKSVPCResourceControllerPolicy",
            "module.eks.aws_security_group.cluster",
            "module.eks.aws_security_group.workers",
            "module.eks.aws_security_group_rule.cluster_egress_internet",
            "module.eks.aws_security_group_rule.cluster_https_worker_ingress",
            "module.eks.data.aws_iam_policy_document.cluster_assume_role_policy",
            "module.eks.data.aws_iam_policy_document.workers_assume_role_policy",
            "module.eks.data.aws_iam_role.custom_cluster_iam_role",
            "module.eks.data.aws_partition.current",
            "module.vpc.aws_subnet.private",
            "module.vpc.aws_vpc.this",
            "module.vpc.aws_vpc_ipv4_cidr_block_association.this",
            "random_string.suffix"
          ],
          "create_before_destroy": true
        }
      ]
    },
    {
      "module": "module.eks",
      "mode": "managed",
      "type": "aws_iam_role_policy_attachment",
      "name": "workers_AmazonEKS_CNI_Policy",
      "provider": "provider[\"registry.terraform.io/hashicorp/aws\"]",
      "instances": [
        {
          "index_key": 0,
          "schema_version": 0,
          "attributes": {
            "id": "choicesremake-eks-tNrclLto2022013009334672970000000e-20220130093353593800000011",
            "policy_arn": "arn:aws:iam::aws:policy/AmazonEKS_CNI_Policy",
            "role": "choicesremake-eks-tNrclLto2022013009334672970000000e"
          },
          "sensitive_attributes": [],
          "private": "bnVsbA==",
          "dependencies": [
            "data.aws_availability_zones.available",
            "module.eks.aws_cloudwatch_log_group.this",
            "module.eks.aws_eks_cluster.this",
            "module.eks.aws_iam_role.cluster",
            "module.eks.aws_iam_role.workers",
            "module.eks.aws_iam_role_policy_attachment.cluster_AmazonEKSClusterPolicy",
            "module.eks.aws_iam_role_policy_attachment.cluster_AmazonEKSServicePolicy",
            "module.eks.aws_iam_role_policy_attachment.cluster_AmazonEKSVPCResourceControllerPolicy",
            "module.eks.aws_security_group.cluster",
            "module.eks.aws_security_group.workers",
            "module.eks.aws_security_group_rule.cluster_egress_internet",
            "module.eks.aws_security_group_rule.cluster_https_worker_ingress",
            "module.eks.data.aws_iam_policy_document.cluster_assume_role_policy",
            "module.eks.data.aws_iam_policy_document.workers_assume_role_policy",
            "module.eks.data.aws_iam_role.custom_cluster_iam_role",
            "module.eks.data.aws_partition.current",
            "module.vpc.aws_subnet.private",
            "module.vpc.aws_vpc.this",
            "module.vpc.aws_vpc_ipv4_cidr_block_association.this",
            "random_string.suffix"
          ],
          "create_before_destroy": true
        }
      ]
    },
    {
      "module": "module.eks",
      "mode": "managed",
      "type": "aws_iam_role_policy_attachment",
      "name": "workers_additional_policies",
      "provider": "provider[\"registry.terraform.io/hashicorp/aws\"]",
      "instances": []
    },
    {
      "module": "module.eks",
      "mode": "managed",
      "type": "aws_launch_configuration",
      "name": "workers",
      "provider": "provider[\"registry.terraform.io/hashicorp/aws\"]",
      "instances": [
        {
          "index_key": 0,
          "schema_version": 0,
          "attributes": {
            "arn": "arn:aws:autoscaling:eu-central-1:170558304176:launchConfiguration:5f29a990-181c-4ba7-828a-26fc612e033d:launchConfigurationName/choicesremake-eks-tNrclLto-worker-group-120220130093357473700000014",
            "associate_public_ip_address": false,
            "ebs_block_device": [],
            "ebs_optimized": false,
            "enable_monitoring": true,
            "ephemeral_block_device": [],
            "iam_instance_profile": "choicesremake-eks-tNrclLto20220130093352348700000010",
            "id": "choicesremake-eks-tNrclLto-worker-group-120220130093357473700000014",
            "image_id": "ami-09d5eeb2fd5d9ddef",
            "instance_type": "t2.small",
            "key_name": "",
            "metadata_options": [
              {
                "http_endpoint": "enabled",
                "http_put_response_hop_limit": 1,
                "http_tokens": "optional"
              }
            ],
            "name": "choicesremake-eks-tNrclLto-worker-group-120220130093357473700000014",
            "name_prefix": "choicesremake-eks-tNrclLto-worker-group-1",
            "placement_tenancy": "",
            "root_block_device": [
              {
                "delete_on_termination": true,
                "encrypted": false,
                "iops": 0,
                "throughput": 0,
                "volume_size": 100,
                "volume_type": "gp2"
              }
            ],
            "security_groups": [
              "sg-07f09ae65897b7c91",
              "sg-0f2f99e696a7d4f66"
            ],
            "spot_price": "",
            "user_data": null,
            "user_data_base64": "IyEvYmluL2Jhc2ggLWUNCg0KIyBBbGxvdyB1c2VyIHN1cHBsaWVkIHByZSB1c2VyZGF0YSBjb2RlDQoNCg0KIyBCb290c3RyYXAgYW5kIGpvaW4gdGhlIGNsdXN0ZXINCi9ldGMvZWtzL2Jvb3RzdHJhcC5zaCAtLWI2NC1jbHVzdGVyLWNhICdMUzB0TFMxQ1JVZEpUaUJEUlZKVVNVWkpRMEZVUlMwdExTMHRDazFKU1VNMWVrTkRRV01yWjBGM1NVSkJaMGxDUVVSQlRrSm5hM0ZvYTJsSE9YY3dRa0ZSYzBaQlJFRldUVkpOZDBWUldVUldVVkZFUlhkd2NtUlhTbXdLWTIwMWJHUkhWbnBOUWpSWVJGUkplVTFFUlhwTlJFRTFUWHBCZDA1V2IxaEVWRTE1VFVSRmVVOUVRVFZOZWtGM1RsWnZkMFpVUlZSTlFrVkhRVEZWUlFwQmVFMUxZVE5XYVZwWVNuVmFXRkpzWTNwRFEwRlRTWGRFVVZsS1MyOWFTV2gyWTA1QlVVVkNRbEZCUkdkblJWQkJSRU5EUVZGdlEyZG5SVUpCVGpJMUNtUmhabFJHZGpGeWFXUXZVWEJLZFRWNFJ6bE1RM00wZGtJeVNrZ3pjSEV6YjFkWWNUVndSRmh6WkU1VlNYVmlaRWc1TVM5aVIxQnBhVnBLTUZad09USUtWelJJUVhaeWVERTVURlZNUzNOSWF6aGpXVXBDVEVnMlIxQXZMM1pSVlVWaWJHaElibWhSWTBobGNDODVTRkJQVkdzNVpqZDJaRGxhUjBsS2MyOUJTQXBHVWxRMWJtUllRMmRIYjBkVVdVUjJaVnA2V0hKU1VGZFBjSGRGUjNNNGJtWjJZazVoZG5SSFZYZFNXUzgxWldNMU0xZDNXalk1Y0d0UlZtTmlRbWsxQ2k5a2JFbDVibkkwSzBWYUswNDRSamRYVUM5d1JEUXJlVFJTT0VSc2JrSlRSazVQVkhwNWVqWnpNazV0UW1aWWIxUkZkVXBQT1ZCaVQwaEtUR2xrSzJVS1FXTlZaVGRxTURWU1QxUnFaR0oxTlM5TlFVVnJkMFEwU0ROak5tNDVXRTlPWVdweFNGaEZNSE54UVRoelVVMURUaXRqTkZCTWJXMXpiMjlvSzNkaFFRcHNkMDFHTlhrd2RqVkZZbUkxU0M5dFRVNHdRMEYzUlVGQllVNURUVVZCZDBSbldVUldVakJRUVZGSUwwSkJVVVJCWjB0clRVRTRSMEV4VldSRmQwVkNDaTkzVVVaTlFVMUNRV1k0ZDBoUldVUldVakJQUWtKWlJVWlFha0ZxVlZNNFQySmxkVFEwZGpFd09GVkpUVTlrYXpKaU1YRk5RVEJIUTFOeFIxTkpZak1LUkZGRlFrTjNWVUZCTkVsQ1FWRkJSV3RzYVdaTWVGSllabU5vS3paVlJUUXhWVk4xYlhaMGJXVnFPVFZDUlRocFNtbFVWREEwZGxWdFpEUkZWbVZVV2dwTk5rWkhVMU5uTmsxSE5YWjZOekp6TlUxMVVsTlZValJLVDI1WFJYSnhiRWRrTmtad1VuSlhVVmgwTldwT1pWWklUVlJWZUVGTmVuWkNiMFJyVm1wTUNtMHdjSFJ2VlRKNFJscElRMDB4YVdKa1JWcERiVmRuUjBzemVqUnlTVGhQVEdnNVYyeE1hMG8zUVhWNlJuTlRTVWRSTVZjek0yRnRaM28wUzNSc01Ib0tUbVUwTjB4Q1lrRTJNM05WTDNod2VGSkRNakZpUzFaaGJtWk5TVmRXY0c0clUybFlOVFZXTm10M1lsbDVMM05rTnpkRlRrcFZUbVpRYlZkVFNuQnNjd3AwVDBkVVoxTnFWVkZTVEZCcGNGVjZaVmRXZFhkMFRIRkNiWEpqYzI5bU0yd3JNMHhQV2tSWk1Xc3dhREZvYUU1VmF6RkxLMElyYXpWcGRqQlJjSEUzQ2tZdmVXSXpSRTQ1UkhOblVVVlhhbG8wVURsRFJGUmhlRE5sWkhNemJFVktjMnBMVGdvdExTMHRMVVZPUkNCRFJWSlVTVVpKUTBGVVJTMHRMUzB0Q2c9PScgLS1hcGlzZXJ2ZXItZW5kcG9pbnQgJ2h0dHBzOi8vMkVGRjYwMEM5QzZBQ0EzN0JBQTcyMTVBQzdBRjRCMkQuZ3I3LmV1LWNlbnRyYWwtMS5la3MuYW1hem9uYXdzLmNvbScgIC0ta3ViZWxldC1leHRyYS1hcmdzICIiICdjaG9pY2VzcmVtYWtlLWVrcy10TnJjbEx0bycNCg0KIyBBbGxvdyB1c2VyIHN1cHBsaWVkIHVzZXJkYXRhIGNvZGUNCmVjaG8gZm9vIGJhcg0K",
            "vpc_classic_link_id": "",
            "vpc_classic_link_security_groups": null
          },
          "sensitive_attributes": [],
          "private": "bnVsbA==",
          "dependencies": [
            "aws_security_group.worker_group_mgmt_one",
            "aws_security_group.worker_group_mgmt_two",
            "data.aws_availability_zones.available",
            "module.eks.aws_cloudwatch_log_group.this",
            "module.eks.aws_eks_cluster.this",
            "module.eks.aws_iam_instance_profile.workers",
            "module.eks.aws_iam_role.cluster",
            "module.eks.aws_iam_role.workers",
            "module.eks.aws_iam_role_policy_attachment.cluster_AmazonEKSClusterPolicy",
            "module.eks.aws_iam_role_policy_attachment.cluster_AmazonEKSServicePolicy",
            "module.eks.aws_iam_role_policy_attachment.cluster_AmazonEKSVPCResourceControllerPolicy",
            "module.eks.aws_iam_role_policy_attachment.workers_AmazonEC2ContainerRegistryReadOnly",
            "module.eks.aws_iam_role_policy_attachment.workers_AmazonEKSWorkerNodePolicy",
            "module.eks.aws_iam_role_policy_attachment.workers_AmazonEKS_CNI_Policy",
            "module.eks.aws_iam_role_policy_attachment.workers_additional_policies",
            "module.eks.aws_security_group.cluster",
            "module.eks.aws_security_group.workers",
            "module.eks.aws_security_group_rule.cluster_egress_internet",
            "module.eks.aws_security_group_rule.cluster_https_worker_ingress",
            "module.eks.aws_security_group_rule.cluster_primary_ingress_workers",
            "module.eks.aws_security_group_rule.workers_egress_internet",
            "module.eks.aws_security_group_rule.workers_ingress_cluster",
            "module.eks.aws_security_group_rule.workers_ingress_cluster_https",
            "module.eks.aws_security_group_rule.workers_ingress_cluster_kubelet",
            "module.eks.aws_security_group_rule.workers_ingress_cluster_primary",
            "module.eks.aws_security_group_rule.workers_ingress_self",
            "module.eks.data.aws_ami.eks_worker",
            "module.eks.data.aws_ami.eks_worker_windows",
            "module.eks.data.aws_iam_instance_profile.custom_worker_group_iam_instance_profile",
            "module.eks.data.aws_iam_policy_document.cluster_assume_role_policy",
            "module.eks.data.aws_iam_policy_document.workers_assume_role_policy",
            "module.eks.data.aws_iam_role.custom_cluster_iam_role",
            "module.eks.data.aws_partition.current",
            "module.vpc.aws_subnet.private",
            "module.vpc.aws_vpc.this",
            "module.vpc.aws_vpc_ipv4_cidr_block_association.this",
            "random_string.suffix"
          ],
          "create_before_destroy": true
        },
        {
          "index_key": 1,
          "schema_version": 0,
          "attributes": {
            "arn": "arn:aws:autoscaling:eu-central-1:170558304176:launchConfiguration:b8be509d-bf95-4d68-8c02-9bf51fb5be37:launchConfigurationName/choicesremake-eks-tNrclLto-worker-group-220220130093357473700000015",
            "associate_public_ip_address": false,
            "ebs_block_device": [],
            "ebs_optimized": false,
            "enable_monitoring": true,
            "ephemeral_block_device": [],
            "iam_instance_profile": "choicesremake-eks-tNrclLto2022013009335234870000000f",
            "id": "choicesremake-eks-tNrclLto-worker-group-220220130093357473700000015",
            "image_id": "ami-09d5eeb2fd5d9ddef",
            "instance_type": "t2.medium",
            "key_name": "",
            "metadata_options": [
              {
                "http_endpoint": "enabled",
                "http_put_response_hop_limit": 1,
                "http_tokens": "optional"
              }
            ],
            "name": "choicesremake-eks-tNrclLto-worker-group-220220130093357473700000015",
            "name_prefix": "choicesremake-eks-tNrclLto-worker-group-2",
            "placement_tenancy": "",
            "root_block_device": [
              {
                "delete_on_termination": true,
                "encrypted": false,
                "iops": 0,
                "throughput": 0,
                "volume_size": 100,
                "volume_type": "gp2"
              }
            ],
            "security_groups": [
              "sg-0b616a4f05f7050f9",
              "sg-0f2f99e696a7d4f66"
            ],
            "spot_price": "",
            "user_data": null,
            "user_data_base64": "IyEvYmluL2Jhc2ggLWUNCg0KIyBBbGxvdyB1c2VyIHN1cHBsaWVkIHByZSB1c2VyZGF0YSBjb2RlDQoNCg0KIyBCb290c3RyYXAgYW5kIGpvaW4gdGhlIGNsdXN0ZXINCi9ldGMvZWtzL2Jvb3RzdHJhcC5zaCAtLWI2NC1jbHVzdGVyLWNhICdMUzB0TFMxQ1JVZEpUaUJEUlZKVVNVWkpRMEZVUlMwdExTMHRDazFKU1VNMWVrTkRRV01yWjBGM1NVSkJaMGxDUVVSQlRrSm5hM0ZvYTJsSE9YY3dRa0ZSYzBaQlJFRldUVkpOZDBWUldVUldVVkZFUlhkd2NtUlhTbXdLWTIwMWJHUkhWbnBOUWpSWVJGUkplVTFFUlhwTlJFRTFUWHBCZDA1V2IxaEVWRTE1VFVSRmVVOUVRVFZOZWtGM1RsWnZkMFpVUlZSTlFrVkhRVEZWUlFwQmVFMUxZVE5XYVZwWVNuVmFXRkpzWTNwRFEwRlRTWGRFVVZsS1MyOWFTV2gyWTA1QlVVVkNRbEZCUkdkblJWQkJSRU5EUVZGdlEyZG5SVUpCVGpJMUNtUmhabFJHZGpGeWFXUXZVWEJLZFRWNFJ6bE1RM00wZGtJeVNrZ3pjSEV6YjFkWWNUVndSRmh6WkU1VlNYVmlaRWc1TVM5aVIxQnBhVnBLTUZad09USUtWelJJUVhaeWVERTVURlZNUzNOSWF6aGpXVXBDVEVnMlIxQXZMM1pSVlVWaWJHaElibWhSWTBobGNDODVTRkJQVkdzNVpqZDJaRGxhUjBsS2MyOUJTQXBHVWxRMWJtUllRMmRIYjBkVVdVUjJaVnA2V0hKU1VGZFBjSGRGUjNNNGJtWjJZazVoZG5SSFZYZFNXUzgxWldNMU0xZDNXalk1Y0d0UlZtTmlRbWsxQ2k5a2JFbDVibkkwSzBWYUswNDRSamRYVUM5d1JEUXJlVFJTT0VSc2JrSlRSazVQVkhwNWVqWnpNazV0UW1aWWIxUkZkVXBQT1ZCaVQwaEtUR2xrSzJVS1FXTlZaVGRxTURWU1QxUnFaR0oxTlM5TlFVVnJkMFEwU0ROak5tNDVXRTlPWVdweFNGaEZNSE54UVRoelVVMURUaXRqTkZCTWJXMXpiMjlvSzNkaFFRcHNkMDFHTlhrd2RqVkZZbUkxU0M5dFRVNHdRMEYzUlVGQllVNURUVVZCZDBSbldVUldVakJRUVZGSUwwSkJVVVJCWjB0clRVRTRSMEV4VldSRmQwVkNDaTkzVVVaTlFVMUNRV1k0ZDBoUldVUldVakJQUWtKWlJVWlFha0ZxVlZNNFQySmxkVFEwZGpFd09GVkpUVTlrYXpKaU1YRk5RVEJIUTFOeFIxTkpZak1LUkZGRlFrTjNWVUZCTkVsQ1FWRkJSV3RzYVdaTWVGSllabU5vS3paVlJUUXhWVk4xYlhaMGJXVnFPVFZDUlRocFNtbFVWREEwZGxWdFpEUkZWbVZVV2dwTk5rWkhVMU5uTmsxSE5YWjZOekp6TlUxMVVsTlZValJLVDI1WFJYSnhiRWRrTmtad1VuSlhVVmgwTldwT1pWWklUVlJWZUVGTmVuWkNiMFJyVm1wTUNtMHdjSFJ2VlRKNFJscElRMDB4YVdKa1JWcERiVmRuUjBzemVqUnlTVGhQVEdnNVYyeE1hMG8zUVhWNlJuTlRTVWRSTVZjek0yRnRaM28wUzNSc01Ib0tUbVUwTjB4Q1lrRTJNM05WTDNod2VGSkRNakZpUzFaaGJtWk5TVmRXY0c0clUybFlOVFZXTm10M1lsbDVMM05rTnpkRlRrcFZUbVpRYlZkVFNuQnNjd3AwVDBkVVoxTnFWVkZTVEZCcGNGVjZaVmRXZFhkMFRIRkNiWEpqYzI5bU0yd3JNMHhQV2tSWk1Xc3dhREZvYUU1VmF6RkxLMElyYXpWcGRqQlJjSEUzQ2tZdmVXSXpSRTQ1UkhOblVVVlhhbG8wVURsRFJGUmhlRE5sWkhNemJFVktjMnBMVGdvdExTMHRMVVZPUkNCRFJWSlVTVVpKUTBGVVJTMHRMUzB0Q2c9PScgLS1hcGlzZXJ2ZXItZW5kcG9pbnQgJ2h0dHBzOi8vMkVGRjYwMEM5QzZBQ0EzN0JBQTcyMTVBQzdBRjRCMkQuZ3I3LmV1LWNlbnRyYWwtMS5la3MuYW1hem9uYXdzLmNvbScgIC0ta3ViZWxldC1leHRyYS1hcmdzICIiICdjaG9pY2VzcmVtYWtlLWVrcy10TnJjbEx0bycNCg0KIyBBbGxvdyB1c2VyIHN1cHBsaWVkIHVzZXJkYXRhIGNvZGUNCmVjaG8gZm9vIGJhcg0K",
            "vpc_classic_link_id": "",
            "vpc_classic_link_security_groups": null
          },
          "sensitive_attributes": [],
          "private": "bnVsbA==",
          "dependencies": [
            "aws_security_group.worker_group_mgmt_one",
            "aws_security_group.worker_group_mgmt_two",
            "data.aws_availability_zones.available",
            "module.eks.aws_cloudwatch_log_group.this",
            "module.eks.aws_eks_cluster.this",
            "module.eks.aws_iam_instance_profile.workers",
            "module.eks.aws_iam_role.cluster",
            "module.eks.aws_iam_role.workers",
            "module.eks.aws_iam_role_policy_attachment.cluster_AmazonEKSClusterPolicy",
            "module.eks.aws_iam_role_policy_attachment.cluster_AmazonEKSServicePolicy",
            "module.eks.aws_iam_role_policy_attachment.cluster_AmazonEKSVPCResourceControllerPolicy",
            "module.eks.aws_iam_role_policy_attachment.workers_AmazonEC2ContainerRegistryReadOnly",
            "module.eks.aws_iam_role_policy_attachment.workers_AmazonEKSWorkerNodePolicy",
            "module.eks.aws_iam_role_policy_attachment.workers_AmazonEKS_CNI_Policy",
            "module.eks.aws_iam_role_policy_attachment.workers_additional_policies",
            "module.eks.aws_security_group.cluster",
            "module.eks.aws_security_group.workers",
            "module.eks.aws_security_group_rule.cluster_egress_internet",
            "module.eks.aws_security_group_rule.cluster_https_worker_ingress",
            "module.eks.aws_security_group_rule.cluster_primary_ingress_workers",
            "module.eks.aws_security_group_rule.workers_egress_internet",
            "module.eks.aws_security_group_rule.workers_ingress_cluster",
            "module.eks.aws_security_group_rule.workers_ingress_cluster_https",
            "module.eks.aws_security_group_rule.workers_ingress_cluster_kubelet",
            "module.eks.aws_security_group_rule.workers_ingress_cluster_primary",
            "module.eks.aws_security_group_rule.workers_ingress_self",
            "module.eks.data.aws_ami.eks_worker",
            "module.eks.data.aws_ami.eks_worker_windows",
            "module.eks.data.aws_iam_instance_profile.custom_worker_group_iam_instance_profile",
            "module.eks.data.aws_iam_policy_document.cluster_assume_role_policy",
            "module.eks.data.aws_iam_policy_document.workers_assume_role_policy",
            "module.eks.data.aws_iam_role.custom_cluster_iam_role",
            "module.eks.data.aws_partition.current",
            "module.vpc.aws_subnet.private",
            "module.vpc.aws_vpc.this",
            "module.vpc.aws_vpc_ipv4_cidr_block_association.this",
            "random_string.suffix"
          ],
          "create_before_destroy": true
        }
      ]
    },
    {
      "module": "module.eks",
      "mode": "managed",
      "type": "aws_security_group",
      "name": "cluster",
      "provider": "provider[\"registry.terraform.io/hashicorp/aws\"]",
      "instances": [
        {
          "index_key": 0,
          "schema_version": 1,
          "attributes": {
            "arn": "arn:aws:ec2:eu-central-1:170558304176:security-group/sg-091d0a68fa4a850db",
            "description": "EKS cluster security group.",
            "egress": [],
            "id": "sg-091d0a68fa4a850db",
            "ingress": [],
            "name": "choicesremake-eks-tNrclLto2022013009233944640000000c",
            "name_prefix": "choicesremake-eks-tNrclLto",
            "owner_id": "170558304176",
            "revoke_rules_on_delete": false,
            "tags": {
              "Environment": "Production",
              "GithubOrg": "cryoelite",
              "GithubRepo": "ChoicesRemake-Backend",
              "Name": "choicesremake-eks-tNrclLto-eks_cluster_sg"
            },
            "tags_all": {
              "Environment": "Production",
              "GithubOrg": "cryoelite",
              "GithubRepo": "ChoicesRemake-Backend",
              "Name": "choicesremake-eks-tNrclLto-eks_cluster_sg"
            },
            "timeouts": null,
            "vpc_id": "vpc-0b7091385333e5dff"
          },
          "sensitive_attributes": [],
          "private": "eyJlMmJmYjczMC1lY2FhLTExZTYtOGY4OC0zNDM2M2JjN2M0YzAiOnsiY3JlYXRlIjo2MDAwMDAwMDAwMDAsImRlbGV0ZSI6OTAwMDAwMDAwMDAwfSwic2NoZW1hX3ZlcnNpb24iOiIxIn0=",
          "dependencies": [
            "module.vpc.aws_vpc.this",
            "random_string.suffix"
          ],
          "create_before_destroy": true
        }
      ]
    },
    {
      "module": "module.eks",
      "mode": "managed",
      "type": "aws_security_group",
      "name": "workers",
      "provider": "provider[\"registry.terraform.io/hashicorp/aws\"]",
      "instances": [
        {
          "index_key": 0,
          "schema_version": 1,
          "attributes": {
            "arn": "arn:aws:ec2:eu-central-1:170558304176:security-group/sg-0f2f99e696a7d4f66",
            "description": "Security group for all nodes in the cluster.",
            "egress": [],
            "id": "sg-0f2f99e696a7d4f66",
            "ingress": [],
            "name": "choicesremake-eks-tNrclLto2022013009233981160000000d",
            "name_prefix": "choicesremake-eks-tNrclLto",
            "owner_id": "170558304176",
            "revoke_rules_on_delete": false,
            "tags": {
              "Environment": "Production",
              "GithubOrg": "cryoelite",
              "GithubRepo": "ChoicesRemake-Backend",
              "Name": "choicesremake-eks-tNrclLto-eks_worker_sg",
              "kubernetes.io/cluster/choicesremake-eks-tNrclLto": "owned"
            },
            "tags_all": {
              "Environment": "Production",
              "GithubOrg": "cryoelite",
              "GithubRepo": "ChoicesRemake-Backend",
              "Name": "choicesremake-eks-tNrclLto-eks_worker_sg",
              "kubernetes.io/cluster/choicesremake-eks-tNrclLto": "owned"
            },
            "timeouts": null,
            "vpc_id": "vpc-0b7091385333e5dff"
          },
          "sensitive_attributes": [],
          "private": "eyJlMmJmYjczMC1lY2FhLTExZTYtOGY4OC0zNDM2M2JjN2M0YzAiOnsiY3JlYXRlIjo2MDAwMDAwMDAwMDAsImRlbGV0ZSI6OTAwMDAwMDAwMDAwfSwic2NoZW1hX3ZlcnNpb24iOiIxIn0=",
          "dependencies": [
            "module.vpc.aws_vpc.this",
            "random_string.suffix"
          ],
          "create_before_destroy": true
        }
      ]
    },
    {
      "module": "module.eks",
      "mode": "managed",
      "type": "aws_security_group_rule",
      "name": "cluster_egress_internet",
      "provider": "provider[\"registry.terraform.io/hashicorp/aws\"]",
      "instances": [
        {
          "index_key": 0,
          "schema_version": 2,
          "attributes": {
            "cidr_blocks": [
              "0.0.0.0/0"
            ],
            "description": "Allow cluster egress access to the Internet.",
            "from_port": 0,
            "id": "sgrule-576804498",
            "ipv6_cidr_blocks": null,
            "prefix_list_ids": null,
            "protocol": "-1",
            "security_group_id": "sg-091d0a68fa4a850db",
            "self": false,
            "source_security_group_id": null,
            "to_port": 0,
            "type": "egress"
          },
          "sensitive_attributes": [],
          "private": "eyJzY2hlbWFfdmVyc2lvbiI6IjIifQ==",
          "dependencies": [
            "module.eks.aws_security_group.cluster",
            "module.vpc.aws_vpc.this",
            "random_string.suffix"
          ],
          "create_before_destroy": true
        }
      ]
    },
    {
      "module": "module.eks",
      "mode": "managed",
      "type": "aws_security_group_rule",
      "name": "cluster_https_worker_ingress",
      "provider": "provider[\"registry.terraform.io/hashicorp/aws\"]",
      "instances": [
        {
          "index_key": 0,
          "schema_version": 2,
          "attributes": {
            "cidr_blocks": null,
            "description": "Allow pods to communicate with the EKS cluster API.",
            "from_port": 443,
            "id": "sgrule-3390383211",
            "ipv6_cidr_blocks": null,
            "prefix_list_ids": null,
            "protocol": "tcp",
            "security_group_id": "sg-091d0a68fa4a850db",
            "self": false,
            "source_security_group_id": "sg-0f2f99e696a7d4f66",
            "to_port": 443,
            "type": "ingress"
          },
          "sensitive_attributes": [],
          "private": "eyJzY2hlbWFfdmVyc2lvbiI6IjIifQ==",
          "dependencies": [
            "module.eks.aws_security_group.cluster",
            "module.eks.aws_security_group.workers",
            "module.vpc.aws_vpc.this",
            "random_string.suffix"
          ],
          "create_before_destroy": true
        }
      ]
    },
    {
      "module": "module.eks",
      "mode": "managed",
      "type": "aws_security_group_rule",
      "name": "cluster_primary_ingress_workers",
      "provider": "provider[\"registry.terraform.io/hashicorp/aws\"]",
      "instances": []
    },
    {
      "module": "module.eks",
      "mode": "managed",
      "type": "aws_security_group_rule",
      "name": "cluster_private_access_cidrs_source",
      "provider": "provider[\"registry.terraform.io/hashicorp/aws\"]",
      "instances": []
    },
    {
      "module": "module.eks",
      "mode": "managed",
      "type": "aws_security_group_rule",
      "name": "cluster_private_access_sg_source",
      "provider": "provider[\"registry.terraform.io/hashicorp/aws\"]",
      "instances": []
    },
    {
      "module": "module.eks",
      "mode": "managed",
      "type": "aws_security_group_rule",
      "name": "workers_egress_internet",
      "provider": "provider[\"registry.terraform.io/hashicorp/aws\"]",
      "instances": [
        {
          "index_key": 0,
          "schema_version": 2,
          "attributes": {
            "cidr_blocks": [
              "0.0.0.0/0"
            ],
            "description": "Allow nodes all egress to the Internet.",
            "from_port": 0,
            "id": "sgrule-3372297457",
            "ipv6_cidr_blocks": null,
            "prefix_list_ids": null,
            "protocol": "-1",
            "security_group_id": "sg-0f2f99e696a7d4f66",
            "self": false,
            "source_security_group_id": null,
            "to_port": 0,
            "type": "egress"
          },
          "sensitive_attributes": [],
          "private": "eyJzY2hlbWFfdmVyc2lvbiI6IjIifQ==",
          "dependencies": [
            "module.eks.aws_security_group.workers",
            "module.vpc.aws_vpc.this",
            "random_string.suffix"
          ],
          "create_before_destroy": true
        }
      ]
    },
    {
      "module": "module.eks",
      "mode": "managed",
      "type": "aws_security_group_rule",
      "name": "workers_ingress_cluster",
      "provider": "provider[\"registry.terraform.io/hashicorp/aws\"]",
      "instances": [
        {
          "index_key": 0,
          "schema_version": 2,
          "attributes": {
            "cidr_blocks": null,
            "description": "Allow workers pods to receive communication from the cluster control plane.",
            "from_port": 1025,
            "id": "sgrule-3282948765",
            "ipv6_cidr_blocks": null,
            "prefix_list_ids": null,
            "protocol": "tcp",
            "security_group_id": "sg-0f2f99e696a7d4f66",
            "self": false,
            "source_security_group_id": "sg-091d0a68fa4a850db",
            "to_port": 65535,
            "type": "ingress"
          },
          "sensitive_attributes": [],
          "private": "eyJzY2hlbWFfdmVyc2lvbiI6IjIifQ==",
          "dependencies": [
            "module.eks.aws_security_group.cluster",
            "module.eks.aws_security_group.workers",
            "module.vpc.aws_vpc.this",
            "random_string.suffix"
          ],
          "create_before_destroy": true
        }
      ]
    },
    {
      "module": "module.eks",
      "mode": "managed",
      "type": "aws_security_group_rule",
      "name": "workers_ingress_cluster_https",
      "provider": "provider[\"registry.terraform.io/hashicorp/aws\"]",
      "instances": [
        {
          "index_key": 0,
          "schema_version": 2,
          "attributes": {
            "cidr_blocks": null,
            "description": "Allow pods running extension API servers on port 443 to receive communication from cluster control plane.",
            "from_port": 443,
            "id": "sgrule-752533197",
            "ipv6_cidr_blocks": null,
            "prefix_list_ids": null,
            "protocol": "tcp",
            "security_group_id": "sg-0f2f99e696a7d4f66",
            "self": false,
            "source_security_group_id": "sg-091d0a68fa4a850db",
            "to_port": 443,
            "type": "ingress"
          },
          "sensitive_attributes": [],
          "private": "eyJzY2hlbWFfdmVyc2lvbiI6IjIifQ==",
          "dependencies": [
            "module.eks.aws_security_group.cluster",
            "module.eks.aws_security_group.workers",
            "module.vpc.aws_vpc.this",
            "random_string.suffix"
          ],
          "create_before_destroy": true
        }
      ]
    },
    {
      "module": "module.eks",
      "mode": "managed",
      "type": "aws_security_group_rule",
      "name": "workers_ingress_cluster_kubelet",
      "provider": "provider[\"registry.terraform.io/hashicorp/aws\"]",
      "instances": []
    },
    {
      "module": "module.eks",
      "mode": "managed",
      "type": "aws_security_group_rule",
      "name": "workers_ingress_cluster_primary",
      "provider": "provider[\"registry.terraform.io/hashicorp/aws\"]",
      "instances": []
    },
    {
      "module": "module.eks",
      "mode": "managed",
      "type": "aws_security_group_rule",
      "name": "workers_ingress_self",
      "provider": "provider[\"registry.terraform.io/hashicorp/aws\"]",
      "instances": [
        {
          "index_key": 0,
          "schema_version": 2,
          "attributes": {
            "cidr_blocks": null,
            "description": "Allow node to communicate with each other.",
            "from_port": 0,
            "id": "sgrule-665774590",
            "ipv6_cidr_blocks": null,
            "prefix_list_ids": null,
            "protocol": "-1",
            "security_group_id": "sg-0f2f99e696a7d4f66",
            "self": false,
            "source_security_group_id": "sg-0f2f99e696a7d4f66",
            "to_port": 65535,
            "type": "ingress"
          },
          "sensitive_attributes": [],
          "private": "eyJzY2hlbWFfdmVyc2lvbiI6IjIifQ==",
          "dependencies": [
            "module.eks.aws_security_group.workers",
            "module.vpc.aws_vpc.this",
            "random_string.suffix"
          ],
          "create_before_destroy": true
        }
      ]
    },
    {
      "module": "module.eks",
      "mode": "managed",
      "type": "local_file",
      "name": "kubeconfig",
      "provider": "provider[\"registry.terraform.io/hashicorp/local\"]",
      "instances": [
        {
          "index_key": 0,
          "schema_version": 0,
          "attributes": {
            "content": "apiVersion: v1\r\npreferences: {}\r\nkind: Config\r\n\r\nclusters:\r\n- cluster:\r\n    server: https://2EFF600C9C6ACA37BAA7215AC7AF4B2D.gr7.eu-central-1.eks.amazonaws.com\r\n    certificate-authority-data: LS0tLS1CRUdJTiBDRVJUSUZJQ0FURS0tLS0tCk1JSUM1ekNDQWMrZ0F3SUJBZ0lCQURBTkJna3Foa2lHOXcwQkFRc0ZBREFWTVJNd0VRWURWUVFERXdwcmRXSmwKY201bGRHVnpNQjRYRFRJeU1ERXpNREE1TXpBd05Wb1hEVE15TURFeU9EQTVNekF3TlZvd0ZURVRNQkVHQTFVRQpBeE1LYTNWaVpYSnVaWFJsY3pDQ0FTSXdEUVlKS29aSWh2Y05BUUVCQlFBRGdnRVBBRENDQVFvQ2dnRUJBTjI1CmRhZlRGdjFyaWQvUXBKdTV4RzlMQ3M0dkIySkgzcHEzb1dYcTVwRFhzZE5VSXViZEg5MS9iR1BpaVpKMFZwOTIKVzRIQXZyeDE5TFVMS3NIazhjWUpCTEg2R1AvL3ZRVUVibGhIbmhRY0hlcC85SFBPVGs5Zjd2ZDlaR0lKc29BSApGUlQ1bmRYQ2dHb0dUWUR2ZVp6WHJSUFdPcHdFR3M4bmZ2Yk5hdnRHVXdSWS81ZWM1M1d3WjY5cGtRVmNiQmk1Ci9kbEl5bnI0K0VaK044RjdXUC9wRDQreTRSOERsbkJTRk5PVHp5ejZzMk5tQmZYb1RFdUpPOVBiT0hKTGlkK2UKQWNVZTdqMDVST1RqZGJ1NS9NQUVrd0Q0SDNjNm45WE9OYWpxSFhFMHNxQThzUU1DTitjNFBMbW1zb29oK3dhQQpsd01GNXkwdjVFYmI1SC9tTU4wQ0F3RUFBYU5DTUVBd0RnWURWUjBQQVFIL0JBUURBZ0trTUE4R0ExVWRFd0VCCi93UUZNQU1CQWY4d0hRWURWUjBPQkJZRUZQakFqVVM4T2JldTQ0djEwOFVJTU9kazJiMXFNQTBHQ1NxR1NJYjMKRFFFQkN3VUFBNElCQVFBRWtsaWZMeFJYZmNoKzZVRTQxVVN1bXZ0bWVqOTVCRThpSmlUVDA0dlVtZDRFVmVUWgpNNkZHU1NnNk1HNXZ6NzJzNU11UlNVUjRKT25XRXJxbEdkNkZwUnJXUVh0NWpOZVZITVRVeEFNenZCb0RrVmpMCm0wcHRvVTJ4RlpIQ00xaWJkRVpDbVdnR0szejRySThPTGg5V2xMa0o3QXV6RnNTSUdRMVczM2FtZ3o0S3RsMHoKTmU0N0xCYkE2M3NVL3hweFJDMjFiS1ZhbmZNSVdWcG4rU2lYNTVWNmt3Yll5L3NkNzdFTkpVTmZQbVdTSnBscwp0T0dUZ1NqVVFSTFBpcFV6ZVdWdXd0THFCbXJjc29mM2wrM0xPWkRZMWswaDFoaE5VazFLK0IrazVpdjBRcHE3CkYveWIzRE45RHNnUUVXalo0UDlDRFRheDNlZHMzbEVKc2pLTgotLS0tLUVORCBDRVJUSUZJQ0FURS0tLS0tCg==\r\n  name: eks_choicesremake-eks-tNrclLto\r\n\r\ncontexts:\r\n- context:\r\n    cluster: eks_choicesremake-eks-tNrclLto\r\n    user: eks_choicesremake-eks-tNrclLto\r\n  name: eks_choicesremake-eks-tNrclLto\r\n\r\ncurrent-context: eks_choicesremake-eks-tNrclLto\r\n\r\nusers:\r\n- name: eks_choicesremake-eks-tNrclLto\r\n  user:\r\n    exec:\r\n      apiVersion: client.authentication.k8s.io/v1alpha1\r\n      command: aws-iam-authenticator\r\n      args:\r\n        - \"token\"\r\n        - \"-i\"\r\n        - \"choicesremake-eks-tNrclLto\"\r\n",
            "content_base64": null,
            "directory_permission": "0755",
            "file_permission": "0600",
            "filename": "./kubeconfig_choicesremake-eks-tNrclLto",
            "id": "c002ca162c3072b239efdb0b06a379baf0071ac8",
            "sensitive_content": null,
            "source": null
          },
          "sensitive_attributes": [],
          "private": "bnVsbA==",
          "dependencies": [
            "data.aws_availability_zones.available",
            "module.eks.aws_cloudwatch_log_group.this",
            "module.eks.aws_eks_cluster.this",
            "module.eks.aws_iam_role.cluster",
            "module.eks.aws_iam_role_policy_attachment.cluster_AmazonEKSClusterPolicy",
            "module.eks.aws_iam_role_policy_attachment.cluster_AmazonEKSServicePolicy",
            "module.eks.aws_iam_role_policy_attachment.cluster_AmazonEKSVPCResourceControllerPolicy",
            "module.eks.aws_security_group.cluster",
            "module.eks.aws_security_group.workers",
            "module.eks.aws_security_group_rule.cluster_egress_internet",
            "module.eks.aws_security_group_rule.cluster_https_worker_ingress",
            "module.eks.data.aws_iam_policy_document.cluster_assume_role_policy",
            "module.eks.data.aws_iam_role.custom_cluster_iam_role",
            "module.eks.data.aws_partition.current",
            "module.vpc.aws_subnet.private",
            "module.vpc.aws_vpc.this",
            "module.vpc.aws_vpc_ipv4_cidr_block_association.this",
            "random_string.suffix"
          ]
        }
      ]
    },
    {
      "module": "module.eks.module.fargate",
      "mode": "data",
      "type": "aws_partition",
      "name": "current",
      "provider": "provider[\"registry.terraform.io/hashicorp/aws\"]",
      "instances": [
        {
          "schema_version": 0,
          "attributes": {
            "dns_suffix": "amazonaws.com",
            "id": "aws",
            "partition": "aws",
            "reverse_dns_prefix": "com.amazonaws"
          },
          "sensitive_attributes": []
        }
      ]
    },
    {
      "module": "module.vpc",
      "mode": "managed",
      "type": "aws_eip",
      "name": "nat",
      "provider": "provider[\"registry.terraform.io/hashicorp/aws\"]",
      "instances": [
        {
          "index_key": 0,
          "schema_version": 0,
          "attributes": {
            "address": null,
            "allocation_id": "eipalloc-0d9b4603b74e6fb45",
            "associate_with_private_ip": null,
            "association_id": "",
            "carrier_ip": "",
            "customer_owned_ip": "",
            "customer_owned_ipv4_pool": "",
            "domain": "vpc",
            "id": "eipalloc-0d9b4603b74e6fb45",
            "instance": "",
            "network_border_group": "eu-central-1",
            "network_interface": "",
            "private_dns": null,
            "private_ip": "",
            "public_dns": "ec2-3-67-109-168.eu-central-1.compute.amazonaws.com",
            "public_ip": "3.67.109.168",
            "public_ipv4_pool": "amazon",
            "tags": {
              "Name": "choicesremake-vpc-eu-central-1a",
              "kubernetes.io/cluster/choicesremake-eks-tNrclLto": "shared"
            },
            "tags_all": {
              "Name": "choicesremake-vpc-eu-central-1a",
              "kubernetes.io/cluster/choicesremake-eks-tNrclLto": "shared"
            },
            "timeouts": null,
            "vpc": true
          },
          "sensitive_attributes": [],
          "private": "eyJlMmJmYjczMC1lY2FhLTExZTYtOGY4OC0zNDM2M2JjN2M0YzAiOnsiZGVsZXRlIjoxODAwMDAwMDAwMDAsInJlYWQiOjkwMDAwMDAwMDAwMCwidXBkYXRlIjozMDAwMDAwMDAwMDB9fQ==",
          "dependencies": [
            "data.aws_availability_zones.available",
            "random_string.suffix"
          ]
        }
      ]
    },
    {
      "module": "module.vpc",
      "mode": "managed",
      "type": "aws_internet_gateway",
      "name": "this",
      "provider": "provider[\"registry.terraform.io/hashicorp/aws\"]",
      "instances": [
        {
          "index_key": 0,
          "schema_version": 0,
          "attributes": {
            "arn": "arn:aws:ec2:eu-central-1:170558304176:internet-gateway/igw-0eef30071a160ef04",
            "id": "igw-0eef30071a160ef04",
            "owner_id": "170558304176",
            "tags": {
              "Name": "choicesremake-vpc",
              "kubernetes.io/cluster/choicesremake-eks-tNrclLto": "shared"
            },
            "tags_all": {
              "Name": "choicesremake-vpc",
              "kubernetes.io/cluster/choicesremake-eks-tNrclLto": "shared"
            },
            "vpc_id": "vpc-0b7091385333e5dff"
          },
          "sensitive_attributes": [],
          "private": "bnVsbA==",
          "dependencies": [
            "module.vpc.aws_vpc.this",
            "module.vpc.aws_vpc_ipv4_cidr_block_association.this",
            "random_string.suffix"
          ]
        }
      ]
    },
    {
      "module": "module.vpc",
      "mode": "managed",
      "type": "aws_nat_gateway",
      "name": "this",
      "provider": "provider[\"registry.terraform.io/hashicorp/aws\"]",
      "instances": [
        {
          "index_key": 0,
          "schema_version": 0,
          "attributes": {
            "allocation_id": "eipalloc-0d9b4603b74e6fb45",
            "connectivity_type": "public",
            "id": "nat-094c1bcb18cc1e053",
            "network_interface_id": "eni-01b0bc9cfe6e19444",
            "private_ip": "10.0.4.173",
            "public_ip": "3.67.109.168",
            "subnet_id": "subnet-05d95967dcddeae74",
            "tags": {
              "Name": "choicesremake-vpc-eu-central-1a",
              "kubernetes.io/cluster/choicesremake-eks-tNrclLto": "shared"
            },
            "tags_all": {
              "Name": "choicesremake-vpc-eu-central-1a",
              "kubernetes.io/cluster/choicesremake-eks-tNrclLto": "shared"
            }
          },
          "sensitive_attributes": [],
          "private": "bnVsbA==",
          "dependencies": [
            "data.aws_availability_zones.available",
            "module.vpc.aws_eip.nat",
            "module.vpc.aws_internet_gateway.this",
            "module.vpc.aws_subnet.public",
            "module.vpc.aws_vpc.this",
            "module.vpc.aws_vpc_ipv4_cidr_block_association.this",
            "random_string.suffix"
          ]
        }
      ]
    },
    {
      "module": "module.vpc",
      "mode": "managed",
      "type": "aws_route",
      "name": "private_nat_gateway",
      "provider": "provider[\"registry.terraform.io/hashicorp/aws\"]",
      "instances": [
        {
          "index_key": 0,
          "schema_version": 0,
          "attributes": {
            "carrier_gateway_id": "",
            "destination_cidr_block": "0.0.0.0/0",
            "destination_ipv6_cidr_block": "",
            "destination_prefix_list_id": "",
            "egress_only_gateway_id": "",
            "gateway_id": "",
            "id": "r-rtb-00aa242a1401c65f91080289494",
            "instance_id": "",
            "instance_owner_id": "",
            "local_gateway_id": "",
            "nat_gateway_id": "nat-094c1bcb18cc1e053",
            "network_interface_id": "",
            "origin": "CreateRoute",
            "route_table_id": "rtb-00aa242a1401c65f9",
            "state": "active",
            "timeouts": {
              "create": "5m",
              "delete": null,
              "update": null
            },
            "transit_gateway_id": "",
            "vpc_endpoint_id": "",
            "vpc_peering_connection_id": ""
          },
          "sensitive_attributes": [],
          "private": "eyJlMmJmYjczMC1lY2FhLTExZTYtOGY4OC0zNDM2M2JjN2M0YzAiOnsiY3JlYXRlIjozMDAwMDAwMDAwMDAsImRlbGV0ZSI6MzAwMDAwMDAwMDAwLCJ1cGRhdGUiOjEyMDAwMDAwMDAwMH19",
          "dependencies": [
            "data.aws_availability_zones.available",
            "module.vpc.aws_eip.nat",
            "module.vpc.aws_internet_gateway.this",
            "module.vpc.aws_nat_gateway.this",
            "module.vpc.aws_route_table.private",
            "module.vpc.aws_subnet.public",
            "module.vpc.aws_vpc.this",
            "module.vpc.aws_vpc_ipv4_cidr_block_association.this",
            "random_string.suffix"
          ]
        }
      ]
    },
    {
      "module": "module.vpc",
      "mode": "managed",
      "type": "aws_route",
      "name": "public_internet_gateway",
      "provider": "provider[\"registry.terraform.io/hashicorp/aws\"]",
      "instances": [
        {
          "index_key": 0,
          "schema_version": 0,
          "attributes": {
            "carrier_gateway_id": "",
            "destination_cidr_block": "0.0.0.0/0",
            "destination_ipv6_cidr_block": "",
            "destination_prefix_list_id": "",
            "egress_only_gateway_id": "",
            "gateway_id": "igw-0eef30071a160ef04",
            "id": "r-rtb-07942bba3bca3da8d1080289494",
            "instance_id": "",
            "instance_owner_id": "",
            "local_gateway_id": "",
            "nat_gateway_id": "",
            "network_interface_id": "",
            "origin": "CreateRoute",
            "route_table_id": "rtb-07942bba3bca3da8d",
            "state": "active",
            "timeouts": {
              "create": "5m",
              "delete": null,
              "update": null
            },
            "transit_gateway_id": "",
            "vpc_endpoint_id": "",
            "vpc_peering_connection_id": ""
          },
          "sensitive_attributes": [],
          "private": "eyJlMmJmYjczMC1lY2FhLTExZTYtOGY4OC0zNDM2M2JjN2M0YzAiOnsiY3JlYXRlIjozMDAwMDAwMDAwMDAsImRlbGV0ZSI6MzAwMDAwMDAwMDAwLCJ1cGRhdGUiOjEyMDAwMDAwMDAwMH19",
          "dependencies": [
            "module.vpc.aws_internet_gateway.this",
            "module.vpc.aws_route_table.public",
            "module.vpc.aws_vpc.this",
            "module.vpc.aws_vpc_ipv4_cidr_block_association.this",
            "random_string.suffix"
          ]
        }
      ]
    },
    {
      "module": "module.vpc",
      "mode": "managed",
      "type": "aws_route_table",
      "name": "private",
      "provider": "provider[\"registry.terraform.io/hashicorp/aws\"]",
      "instances": [
        {
          "index_key": 0,
          "schema_version": 0,
          "attributes": {
            "arn": "arn:aws:ec2:eu-central-1:170558304176:route-table/rtb-00aa242a1401c65f9",
            "id": "rtb-00aa242a1401c65f9",
            "owner_id": "170558304176",
            "propagating_vgws": [],
            "route": [],
            "tags": {
              "Name": "choicesremake-vpc-private",
              "kubernetes.io/cluster/choicesremake-eks-tNrclLto": "shared"
            },
            "tags_all": {
              "Name": "choicesremake-vpc-private",
              "kubernetes.io/cluster/choicesremake-eks-tNrclLto": "shared"
            },
            "timeouts": null,
            "vpc_id": "vpc-0b7091385333e5dff"
          },
          "sensitive_attributes": [],
          "private": "eyJlMmJmYjczMC1lY2FhLTExZTYtOGY4OC0zNDM2M2JjN2M0YzAiOnsiY3JlYXRlIjozMDAwMDAwMDAwMDAsImRlbGV0ZSI6MzAwMDAwMDAwMDAwLCJ1cGRhdGUiOjEyMDAwMDAwMDAwMH19",
          "dependencies": [
            "data.aws_availability_zones.available",
            "module.vpc.aws_vpc.this",
            "module.vpc.aws_vpc_ipv4_cidr_block_association.this",
            "random_string.suffix"
          ]
        }
      ]
    },
    {
      "module": "module.vpc",
      "mode": "managed",
      "type": "aws_route_table",
      "name": "public",
      "provider": "provider[\"registry.terraform.io/hashicorp/aws\"]",
      "instances": [
        {
          "index_key": 0,
          "schema_version": 0,
          "attributes": {
            "arn": "arn:aws:ec2:eu-central-1:170558304176:route-table/rtb-07942bba3bca3da8d",
            "id": "rtb-07942bba3bca3da8d",
            "owner_id": "170558304176",
            "propagating_vgws": [],
            "route": [],
            "tags": {
              "Name": "choicesremake-vpc-public",
              "kubernetes.io/cluster/choicesremake-eks-tNrclLto": "shared"
            },
            "tags_all": {
              "Name": "choicesremake-vpc-public",
              "kubernetes.io/cluster/choicesremake-eks-tNrclLto": "shared"
            },
            "timeouts": null,
            "vpc_id": "vpc-0b7091385333e5dff"
          },
          "sensitive_attributes": [],
          "private": "eyJlMmJmYjczMC1lY2FhLTExZTYtOGY4OC0zNDM2M2JjN2M0YzAiOnsiY3JlYXRlIjozMDAwMDAwMDAwMDAsImRlbGV0ZSI6MzAwMDAwMDAwMDAwLCJ1cGRhdGUiOjEyMDAwMDAwMDAwMH19",
          "dependencies": [
            "module.vpc.aws_vpc.this",
            "module.vpc.aws_vpc_ipv4_cidr_block_association.this",
            "random_string.suffix"
          ]
        }
      ]
    },
    {
      "module": "module.vpc",
      "mode": "managed",
      "type": "aws_route_table_association",
      "name": "private",
      "provider": "provider[\"registry.terraform.io/hashicorp/aws\"]",
      "instances": [
        {
          "index_key": 0,
          "schema_version": 0,
          "attributes": {
            "gateway_id": "",
            "id": "rtbassoc-07c767ff33359a1d5",
            "route_table_id": "rtb-00aa242a1401c65f9",
            "subnet_id": "subnet-015070ccdc4612d71"
          },
          "sensitive_attributes": [],
          "private": "bnVsbA==",
          "dependencies": [
            "data.aws_availability_zones.available",
            "module.vpc.aws_route_table.private",
            "module.vpc.aws_subnet.private",
            "module.vpc.aws_vpc.this",
            "module.vpc.aws_vpc_ipv4_cidr_block_association.this",
            "random_string.suffix"
          ]
        },
        {
          "index_key": 1,
          "schema_version": 0,
          "attributes": {
            "gateway_id": "",
            "id": "rtbassoc-0f7a40f208c86c506",
            "route_table_id": "rtb-00aa242a1401c65f9",
            "subnet_id": "subnet-0c9567f163cab5388"
          },
          "sensitive_attributes": [],
          "private": "bnVsbA==",
          "dependencies": [
            "data.aws_availability_zones.available",
            "module.vpc.aws_route_table.private",
            "module.vpc.aws_subnet.private",
            "module.vpc.aws_vpc.this",
            "module.vpc.aws_vpc_ipv4_cidr_block_association.this",
            "random_string.suffix"
          ]
        },
        {
          "index_key": 2,
          "schema_version": 0,
          "attributes": {
            "gateway_id": "",
            "id": "rtbassoc-04c274fb5e9f3ece4",
            "route_table_id": "rtb-00aa242a1401c65f9",
            "subnet_id": "subnet-0cd74347d86b8eb9f"
          },
          "sensitive_attributes": [],
          "private": "bnVsbA==",
          "dependencies": [
            "data.aws_availability_zones.available",
            "module.vpc.aws_route_table.private",
            "module.vpc.aws_subnet.private",
            "module.vpc.aws_vpc.this",
            "module.vpc.aws_vpc_ipv4_cidr_block_association.this",
            "random_string.suffix"
          ]
        }
      ]
    },
    {
      "module": "module.vpc",
      "mode": "managed",
      "type": "aws_route_table_association",
      "name": "public",
      "provider": "provider[\"registry.terraform.io/hashicorp/aws\"]",
      "instances": [
        {
          "index_key": 0,
          "schema_version": 0,
          "attributes": {
            "gateway_id": "",
            "id": "rtbassoc-0e11cecbbd7cf988f",
            "route_table_id": "rtb-07942bba3bca3da8d",
            "subnet_id": "subnet-05d95967dcddeae74"
          },
          "sensitive_attributes": [],
          "private": "bnVsbA==",
          "dependencies": [
            "data.aws_availability_zones.available",
            "module.vpc.aws_route_table.public",
            "module.vpc.aws_subnet.public",
            "module.vpc.aws_vpc.this",
            "module.vpc.aws_vpc_ipv4_cidr_block_association.this",
            "random_string.suffix"
          ]
        },
        {
          "index_key": 1,
          "schema_version": 0,
          "attributes": {
            "gateway_id": "",
            "id": "rtbassoc-00ddb8c57b1dcd149",
            "route_table_id": "rtb-07942bba3bca3da8d",
            "subnet_id": "subnet-0c11958227685dfc2"
          },
          "sensitive_attributes": [],
          "private": "bnVsbA==",
          "dependencies": [
            "data.aws_availability_zones.available",
            "module.vpc.aws_route_table.public",
            "module.vpc.aws_subnet.public",
            "module.vpc.aws_vpc.this",
            "module.vpc.aws_vpc_ipv4_cidr_block_association.this",
            "random_string.suffix"
          ]
        },
        {
          "index_key": 2,
          "schema_version": 0,
          "attributes": {
            "gateway_id": "",
            "id": "rtbassoc-0286b7e5317679853",
            "route_table_id": "rtb-07942bba3bca3da8d",
            "subnet_id": "subnet-01ac085576f90b0b0"
          },
          "sensitive_attributes": [],
          "private": "bnVsbA==",
          "dependencies": [
            "data.aws_availability_zones.available",
            "module.vpc.aws_route_table.public",
            "module.vpc.aws_subnet.public",
            "module.vpc.aws_vpc.this",
            "module.vpc.aws_vpc_ipv4_cidr_block_association.this",
            "random_string.suffix"
          ]
        }
      ]
    },
    {
      "module": "module.vpc",
      "mode": "managed",
      "type": "aws_subnet",
      "name": "private",
      "provider": "provider[\"registry.terraform.io/hashicorp/aws\"]",
      "instances": [
        {
          "index_key": 0,
          "schema_version": 1,
          "attributes": {
            "arn": "arn:aws:ec2:eu-central-1:170558304176:subnet/subnet-015070ccdc4612d71",
            "assign_ipv6_address_on_creation": false,
            "availability_zone": "eu-central-1a",
            "availability_zone_id": "euc1-az2",
            "cidr_block": "10.0.1.0/24",
            "customer_owned_ipv4_pool": "",
            "id": "subnet-015070ccdc4612d71",
            "ipv6_cidr_block": "",
            "ipv6_cidr_block_association_id": "",
            "map_customer_owned_ip_on_launch": false,
            "map_public_ip_on_launch": false,
            "outpost_arn": "",
            "owner_id": "170558304176",
            "tags": {
              "Name": "choicesremake-vpc-private-eu-central-1a",
              "kubernetes.io/cluster/choicesremake-eks-tNrclLto": "shared",
              "kubernetes.io/role/internal-elb": "1"
            },
            "tags_all": {
              "Name": "choicesremake-vpc-private-eu-central-1a",
              "kubernetes.io/cluster/choicesremake-eks-tNrclLto": "shared",
              "kubernetes.io/role/internal-elb": "1"
            },
            "timeouts": null,
            "vpc_id": "vpc-0b7091385333e5dff"
          },
          "sensitive_attributes": [],
          "private": "eyJlMmJmYjczMC1lY2FhLTExZTYtOGY4OC0zNDM2M2JjN2M0YzAiOnsiY3JlYXRlIjo2MDAwMDAwMDAwMDAsImRlbGV0ZSI6MTIwMDAwMDAwMDAwMH0sInNjaGVtYV92ZXJzaW9uIjoiMSJ9",
          "dependencies": [
            "data.aws_availability_zones.available",
            "module.vpc.aws_vpc.this",
            "module.vpc.aws_vpc_ipv4_cidr_block_association.this",
            "random_string.suffix"
          ],
          "create_before_destroy": true
        },
        {
          "index_key": 1,
          "schema_version": 1,
          "attributes": {
            "arn": "arn:aws:ec2:eu-central-1:170558304176:subnet/subnet-0c9567f163cab5388",
            "assign_ipv6_address_on_creation": false,
            "availability_zone": "eu-central-1b",
            "availability_zone_id": "euc1-az3",
            "cidr_block": "10.0.2.0/24",
            "customer_owned_ipv4_pool": "",
            "id": "subnet-0c9567f163cab5388",
            "ipv6_cidr_block": "",
            "ipv6_cidr_block_association_id": "",
            "map_customer_owned_ip_on_launch": false,
            "map_public_ip_on_launch": false,
            "outpost_arn": "",
            "owner_id": "170558304176",
            "tags": {
              "Name": "choicesremake-vpc-private-eu-central-1b",
              "kubernetes.io/cluster/choicesremake-eks-tNrclLto": "shared",
              "kubernetes.io/role/internal-elb": "1"
            },
            "tags_all": {
              "Name": "choicesremake-vpc-private-eu-central-1b",
              "kubernetes.io/cluster/choicesremake-eks-tNrclLto": "shared",
              "kubernetes.io/role/internal-elb": "1"
            },
            "timeouts": null,
            "vpc_id": "vpc-0b7091385333e5dff"
          },
          "sensitive_attributes": [],
          "private": "eyJlMmJmYjczMC1lY2FhLTExZTYtOGY4OC0zNDM2M2JjN2M0YzAiOnsiY3JlYXRlIjo2MDAwMDAwMDAwMDAsImRlbGV0ZSI6MTIwMDAwMDAwMDAwMH0sInNjaGVtYV92ZXJzaW9uIjoiMSJ9",
          "dependencies": [
            "data.aws_availability_zones.available",
            "module.vpc.aws_vpc.this",
            "module.vpc.aws_vpc_ipv4_cidr_block_association.this",
            "random_string.suffix"
          ],
          "create_before_destroy": true
        },
        {
          "index_key": 2,
          "schema_version": 1,
          "attributes": {
            "arn": "arn:aws:ec2:eu-central-1:170558304176:subnet/subnet-0cd74347d86b8eb9f",
            "assign_ipv6_address_on_creation": false,
            "availability_zone": "eu-central-1c",
            "availability_zone_id": "euc1-az1",
            "cidr_block": "10.0.3.0/24",
            "customer_owned_ipv4_pool": "",
            "id": "subnet-0cd74347d86b8eb9f",
            "ipv6_cidr_block": "",
            "ipv6_cidr_block_association_id": "",
            "map_customer_owned_ip_on_launch": false,
            "map_public_ip_on_launch": false,
            "outpost_arn": "",
            "owner_id": "170558304176",
            "tags": {
              "Name": "choicesremake-vpc-private-eu-central-1c",
              "kubernetes.io/cluster/choicesremake-eks-tNrclLto": "shared",
              "kubernetes.io/role/internal-elb": "1"
            },
            "tags_all": {
              "Name": "choicesremake-vpc-private-eu-central-1c",
              "kubernetes.io/cluster/choicesremake-eks-tNrclLto": "shared",
              "kubernetes.io/role/internal-elb": "1"
            },
            "timeouts": null,
            "vpc_id": "vpc-0b7091385333e5dff"
          },
          "sensitive_attributes": [],
          "private": "eyJlMmJmYjczMC1lY2FhLTExZTYtOGY4OC0zNDM2M2JjN2M0YzAiOnsiY3JlYXRlIjo2MDAwMDAwMDAwMDAsImRlbGV0ZSI6MTIwMDAwMDAwMDAwMH0sInNjaGVtYV92ZXJzaW9uIjoiMSJ9",
          "dependencies": [
            "data.aws_availability_zones.available",
            "module.vpc.aws_vpc.this",
            "module.vpc.aws_vpc_ipv4_cidr_block_association.this",
            "random_string.suffix"
          ],
          "create_before_destroy": true
        }
      ]
    },
    {
      "module": "module.vpc",
      "mode": "managed",
      "type": "aws_subnet",
      "name": "public",
      "provider": "provider[\"registry.terraform.io/hashicorp/aws\"]",
      "instances": [
        {
          "index_key": 0,
          "schema_version": 1,
          "attributes": {
            "arn": "arn:aws:ec2:eu-central-1:170558304176:subnet/subnet-05d95967dcddeae74",
            "assign_ipv6_address_on_creation": false,
            "availability_zone": "eu-central-1a",
            "availability_zone_id": "euc1-az2",
            "cidr_block": "10.0.4.0/24",
            "customer_owned_ipv4_pool": "",
            "id": "subnet-05d95967dcddeae74",
            "ipv6_cidr_block": "",
            "ipv6_cidr_block_association_id": "",
            "map_customer_owned_ip_on_launch": false,
            "map_public_ip_on_launch": true,
            "outpost_arn": "",
            "owner_id": "170558304176",
            "tags": {
              "Name": "choicesremake-vpc-public-eu-central-1a",
              "kubernetes.io/cluster/choicesremake-eks-tNrclLto": "shared",
              "kubernetes.io/role/elb": "1"
            },
            "tags_all": {
              "Name": "choicesremake-vpc-public-eu-central-1a",
              "kubernetes.io/cluster/choicesremake-eks-tNrclLto": "shared",
              "kubernetes.io/role/elb": "1"
            },
            "timeouts": null,
            "vpc_id": "vpc-0b7091385333e5dff"
          },
          "sensitive_attributes": [],
          "private": "eyJlMmJmYjczMC1lY2FhLTExZTYtOGY4OC0zNDM2M2JjN2M0YzAiOnsiY3JlYXRlIjo2MDAwMDAwMDAwMDAsImRlbGV0ZSI6MTIwMDAwMDAwMDAwMH0sInNjaGVtYV92ZXJzaW9uIjoiMSJ9",
          "dependencies": [
            "data.aws_availability_zones.available",
            "module.vpc.aws_vpc.this",
            "module.vpc.aws_vpc_ipv4_cidr_block_association.this",
            "random_string.suffix"
          ]
        },
        {
          "index_key": 1,
          "schema_version": 1,
          "attributes": {
            "arn": "arn:aws:ec2:eu-central-1:170558304176:subnet/subnet-0c11958227685dfc2",
            "assign_ipv6_address_on_creation": false,
            "availability_zone": "eu-central-1b",
            "availability_zone_id": "euc1-az3",
            "cidr_block": "10.0.5.0/24",
            "customer_owned_ipv4_pool": "",
            "id": "subnet-0c11958227685dfc2",
            "ipv6_cidr_block": "",
            "ipv6_cidr_block_association_id": "",
            "map_customer_owned_ip_on_launch": false,
            "map_public_ip_on_launch": true,
            "outpost_arn": "",
            "owner_id": "170558304176",
            "tags": {
              "Name": "choicesremake-vpc-public-eu-central-1b",
              "kubernetes.io/cluster/choicesremake-eks-tNrclLto": "shared",
              "kubernetes.io/role/elb": "1"
            },
            "tags_all": {
              "Name": "choicesremake-vpc-public-eu-central-1b",
              "kubernetes.io/cluster/choicesremake-eks-tNrclLto": "shared",
              "kubernetes.io/role/elb": "1"
            },
            "timeouts": null,
            "vpc_id": "vpc-0b7091385333e5dff"
          },
          "sensitive_attributes": [],
          "private": "eyJlMmJmYjczMC1lY2FhLTExZTYtOGY4OC0zNDM2M2JjN2M0YzAiOnsiY3JlYXRlIjo2MDAwMDAwMDAwMDAsImRlbGV0ZSI6MTIwMDAwMDAwMDAwMH0sInNjaGVtYV92ZXJzaW9uIjoiMSJ9",
          "dependencies": [
            "data.aws_availability_zones.available",
            "module.vpc.aws_vpc.this",
            "module.vpc.aws_vpc_ipv4_cidr_block_association.this",
            "random_string.suffix"
          ]
        },
        {
          "index_key": 2,
          "schema_version": 1,
          "attributes": {
            "arn": "arn:aws:ec2:eu-central-1:170558304176:subnet/subnet-01ac085576f90b0b0",
            "assign_ipv6_address_on_creation": false,
            "availability_zone": "eu-central-1c",
            "availability_zone_id": "euc1-az1",
            "cidr_block": "10.0.6.0/24",
            "customer_owned_ipv4_pool": "",
            "id": "subnet-01ac085576f90b0b0",
            "ipv6_cidr_block": "",
            "ipv6_cidr_block_association_id": "",
            "map_customer_owned_ip_on_launch": false,
            "map_public_ip_on_launch": true,
            "outpost_arn": "",
            "owner_id": "170558304176",
            "tags": {
              "Name": "choicesremake-vpc-public-eu-central-1c",
              "kubernetes.io/cluster/choicesremake-eks-tNrclLto": "shared",
              "kubernetes.io/role/elb": "1"
            },
            "tags_all": {
              "Name": "choicesremake-vpc-public-eu-central-1c",
              "kubernetes.io/cluster/choicesremake-eks-tNrclLto": "shared",
              "kubernetes.io/role/elb": "1"
            },
            "timeouts": null,
            "vpc_id": "vpc-0b7091385333e5dff"
          },
          "sensitive_attributes": [],
          "private": "eyJlMmJmYjczMC1lY2FhLTExZTYtOGY4OC0zNDM2M2JjN2M0YzAiOnsiY3JlYXRlIjo2MDAwMDAwMDAwMDAsImRlbGV0ZSI6MTIwMDAwMDAwMDAwMH0sInNjaGVtYV92ZXJzaW9uIjoiMSJ9",
          "dependencies": [
            "data.aws_availability_zones.available",
            "module.vpc.aws_vpc.this",
            "module.vpc.aws_vpc_ipv4_cidr_block_association.this",
            "random_string.suffix"
          ]
        }
      ]
    },
    {
      "module": "module.vpc",
      "mode": "managed",
      "type": "aws_vpc",
      "name": "this",
      "provider": "provider[\"registry.terraform.io/hashicorp/aws\"]",
      "instances": [
        {
          "index_key": 0,
          "schema_version": 1,
          "attributes": {
            "arn": "arn:aws:ec2:eu-central-1:170558304176:vpc/vpc-0b7091385333e5dff",
            "assign_generated_ipv6_cidr_block": false,
            "cidr_block": "10.0.0.0/16",
            "default_network_acl_id": "acl-0a1b114174c700952",
            "default_route_table_id": "rtb-089071f2b3e232692",
            "default_security_group_id": "sg-0cd735d42984a1980",
            "dhcp_options_id": "dopt-0e9aa3ca0bd4c003b",
            "enable_classiclink": null,
            "enable_classiclink_dns_support": null,
            "enable_dns_hostnames": true,
            "enable_dns_support": true,
            "id": "vpc-0b7091385333e5dff",
            "instance_tenancy": "default",
            "ipv4_ipam_pool_id": null,
            "ipv4_netmask_length": null,
            "ipv6_association_id": "",
            "ipv6_cidr_block": "",
            "ipv6_ipam_pool_id": null,
            "ipv6_netmask_length": null,
            "main_route_table_id": "rtb-089071f2b3e232692",
            "owner_id": "170558304176",
            "tags": {
              "Name": "choicesremake-vpc",
              "kubernetes.io/cluster/choicesremake-eks-tNrclLto": "shared"
            },
            "tags_all": {
              "Name": "choicesremake-vpc",
              "kubernetes.io/cluster/choicesremake-eks-tNrclLto": "shared"
            }
          },
          "sensitive_attributes": [],
          "private": "eyJzY2hlbWFfdmVyc2lvbiI6IjEifQ==",
          "dependencies": [
            "random_string.suffix"
          ],
          "create_before_destroy": true
        }
      ]
    }
  ]
}
